{
    "name": "backend-js",
    "version": "1.1.2",
    "lockfileVersion": 1,
    "requires": true,
    "dependencies": {
        "@types/component-emitter": {
            "version": "1.2.11",
            "resolved": "https://registry.npmjs.org/@types/component-emitter/-/component-emitter-1.2.11.tgz",
            "integrity": "sha512-SRXjM+tfsSlA9VuG8hGO2nft2p8zjXCK1VcC6N4NXbBbYbSia9kzCChYQajIjzIqOOOuh5Ock6MmV2oux4jDZQ=="
        },
        "@types/cookie": {
            "version": "0.4.1",
            "resolved": "https://registry.npmjs.org/@types/cookie/-/cookie-0.4.1.tgz",
            "integrity": "sha512-XW/Aa8APYr6jSVVA1y/DEIZX0/GMKLEVekNG727R8cs56ahETkRAy/3DR7+fJyh7oUgGwNQaRfXCun0+KbWY7Q=="
        },
        "@types/cors": {
            "version": "2.8.12",
            "resolved": "https://registry.npmjs.org/@types/cors/-/cors-2.8.12.tgz",
            "integrity": "sha512-vt+kDhq/M2ayberEtJcIN/hxXy1Pk+59g2FV/ZQceeaTyCtCucjL2Q7FXlFjtWn4n15KCr1NE2lNNFhp0lEThw=="
        },
        "@types/node": {
            "version": "16.11.7",
            "resolved": "https://registry.npmjs.org/@types/node/-/node-16.11.7.tgz",
            "integrity": "sha512-QB5D2sqfSjCmTuWcBWyJ+/44bcjO7VbjSbOE0ucoVbAsSNQc4Lt6QkgkVXkTDwkL4z/beecZNDvVX15D4P8Jbw=="
        },
        "accepts": {
            "version": "1.3.7",
            "resolved": "https://registry.npmjs.org/accepts/-/accepts-1.3.7.tgz",
            "integrity": "sha512-Il80Qs2WjYlJIBNzNkK6KYqlVMTbZLXgHx2oT0pU/fjRHyEp+PEfEPY0R3WCwAGVOtauxh1hOxNgIf5bv7dQpA==",
            "requires": {
                "mime-types": "~2.1.24",
                "negotiator": "0.6.2"
            }
        },
        "argparse": {
            "version": "1.0.10",
            "resolved": "https://registry.npmjs.org/argparse/-/argparse-1.0.10.tgz",
            "integrity": "sha512-o5Roy6tNG4SL/FOkCAN6RzjiakZS25RLYFrcMttJqbdd8BWrnA+fGz57iN5Pb06pvBGvl5gQ0B48dJlslXvoTg==",
            "requires": {
                "sprintf-js": "~1.0.2"
            },
            "dependencies": {
                "sprintf-js": {
                    "version": "1.0.3",
                    "resolved": "https://registry.npmjs.org/sprintf-js/-/sprintf-js-1.0.3.tgz",
                    "integrity": "sha1-BOaSb2YolTVPPdAVIDYzuFcpfiw="
                }
            }
        },
        "array-flatten": {
            "version": "1.1.1",
            "resolved": "https://registry.npmjs.org/array-flatten/-/array-flatten-1.1.1.tgz",
            "integrity": "sha1-ml9pkFGx5wczKPKgCJaLZOopVdI="
        },
        "axios": {
            "version": "0.21.4",
            "resolved": "https://registry.npmjs.org/axios/-/axios-0.21.4.tgz",
            "integrity": "sha512-ut5vewkiu8jjGBdqpM44XxjuCjq9LAKeHVmoVfHVzy8eHgxxq8SbAVQNovDA8mVi05kP0Ea/n/UzcSHcTJQfNg==",
            "requires": {
                "follow-redirects": "^1.14.0"
            }
        },
        "balanced-match": {
            "version": "1.0.2",
            "resolved": "https://registry.npmjs.org/balanced-match/-/balanced-match-1.0.2.tgz",
            "integrity": "sha512-3oSeUO0TMV67hN1AmbXsK4yaqU7tjiHlbxRDZOpH0KW9+CeX4bRAaX0Anxt0tx2MrpRpWwQaPwIlISEJhYU5Pw=="
        },
        "base64-arraybuffer": {
            "version": "1.0.1",
            "resolved": "https://registry.npmjs.org/base64-arraybuffer/-/base64-arraybuffer-1.0.1.tgz",
            "integrity": "sha512-vFIUq7FdLtjZMhATwDul5RZWv2jpXQ09Pd6jcVEOvIsqCWTRFD/ONHNfyOS8dA/Ippi5dsIgpyKWKZaAKZltbA=="
        },
        "base64-js": {
            "version": "1.5.1",
            "resolved": "https://registry.npmjs.org/base64-js/-/base64-js-1.5.1.tgz",
            "integrity": "sha512-AKpaYlHn8t4SVbOHCy+b5+KKgvR4vrsD8vbvrbiQJps7fKDTkjkDry6ji0rUJjC0kzbNePLwzxq8iypo41qeWA=="
        },
        "base64id": {
            "version": "2.0.0",
            "resolved": "https://registry.npmjs.org/base64id/-/base64id-2.0.0.tgz",
            "integrity": "sha512-lGe34o6EHj9y3Kts9R4ZYs/Gr+6N7MCaMlIFA3F1R2O5/m7K06AxfSeO5530PEERE6/WyEg3lsuyw4GHlPZHog=="
        },
        "basic-auth": {
            "version": "2.0.1",
            "resolved": "https://registry.npmjs.org/basic-auth/-/basic-auth-2.0.1.tgz",
            "integrity": "sha512-NF+epuEdnUYVlGuhaxbbq+dvJttwLnGY+YixlXlME5KpQ5W3CnXA5cVTneY3SPbPDRkcjMbifrwmFYcClgOZeg==",
            "requires": {
                "safe-buffer": "5.1.2"
            }
        },
        "behaviours-js": {
            "version": "1.0.3",
            "resolved": "https://registry.npmjs.org/behaviours-js/-/behaviours-js-1.0.3.tgz",
            "integrity": "sha512-F/sC8K0+gYfcFT7wagqARcuQH//7GC7y6n7JucbfF6xCqV/NNefUt7Dsp0EJ+k0rrN4y0LGIeJazHyBwlZa/lA==",
            "requires": {
                "debug": "^4.3.2",
                "define-js": "^0.1.7",
                "parseparams": "^0.1.1",
                "shallow-copy": "^0.0.1",
                "snyk": "^1.192.6"
            }
        },
        "body-parser": {
            "version": "1.19.0",
            "resolved": "https://registry.npmjs.org/body-parser/-/body-parser-1.19.0.tgz",
            "integrity": "sha512-dhEPs72UPbDnAQJ9ZKMNTP6ptJaionhP5cBb541nXPlW60Jepo9RV/a4fX4XWW9CuFNK22krhrj1+rgzifNCsw==",
            "requires": {
                "bytes": "3.1.0",
                "content-type": "~1.0.4",
                "debug": "2.6.9",
                "depd": "~1.1.2",
                "http-errors": "1.7.2",
                "iconv-lite": "0.4.24",
                "on-finished": "~2.3.0",
                "qs": "6.7.0",
                "raw-body": "2.4.0",
                "type-is": "~1.6.17"
            },
            "dependencies": {
                "debug": {
                    "version": "2.6.9",
                    "resolved": "https://registry.npmjs.org/debug/-/debug-2.6.9.tgz",
                    "integrity": "sha512-bC7ElrdJaJnPbAP+1EotYvqZsb3ecl5wi6Bfi6BJTUcNowp6cvspg0jXznRTKDjm/E7AdgFBVeAPVMNcKGsHMA==",
                    "requires": {
                        "ms": "2.0.0"
                    }
                },
                "ms": {
                    "version": "2.0.0",
                    "resolved": "https://registry.npmjs.org/ms/-/ms-2.0.0.tgz",
                    "integrity": "sha1-VgiurfwAvmwpAd9fmGF4jeDVl8g="
                }
            }
        },
        "brace-expansion": {
            "version": "1.1.11",
            "resolved": "https://registry.npmjs.org/brace-expansion/-/brace-expansion-1.1.11.tgz",
            "integrity": "sha512-iCuPHDFgrHX7H2vEI/5xpz07zSHB00TpugqhmYtVmMO6518mCuRMoOYFldEBl0g187ufozdaHgWKcYFb61qGiA==",
            "requires": {
                "balanced-match": "^1.0.0",
                "concat-map": "0.0.1"
            }
        },
        "bunyan": {
            "version": "1.8.15",
            "resolved": "https://registry.npmjs.org/bunyan/-/bunyan-1.8.15.tgz",
            "integrity": "sha512-0tECWShh6wUysgucJcBAoYegf3JJoZWibxdqhTm7OHPeT42qdjkZ29QCMcKwbgU1kiH+auSIasNRXMLWXafXig==",
            "requires": {
                "dtrace-provider": "~0.8",
                "moment": "^2.19.3",
                "mv": "~2",
                "safe-json-stringify": "~1"
            }
        },
        "bytes": {
            "version": "3.1.0",
            "resolved": "https://registry.npmjs.org/bytes/-/bytes-3.1.0.tgz",
            "integrity": "sha512-zauLjrfCG+xvoyaqLoV8bLVXXNGC4JqlxFCutSDWA6fJrTo2ZuvLYTqZ7aHBLZSMOopbzwv8f+wZcVzfVTI2Dg=="
        },
        "component-emitter": {
            "version": "1.3.0",
            "resolved": "https://registry.npmjs.org/component-emitter/-/component-emitter-1.3.0.tgz",
            "integrity": "sha512-Rd3se6QB+sO1TwqZjscQrurpEPIfO0/yYnSin6Q/rD3mOutHvUrCAhJub3r90uNb+SESBuE0QYoB90YdfatsRg=="
        },
        "concat-map": {
            "version": "0.0.1",
            "resolved": "https://registry.npmjs.org/concat-map/-/concat-map-0.0.1.tgz",
            "integrity": "sha1-2Klr13/Wjfd5OnMDajug1UBdR3s="
        },
        "content-disposition": {
            "version": "0.5.3",
            "resolved": "https://registry.npmjs.org/content-disposition/-/content-disposition-0.5.3.tgz",
            "integrity": "sha512-ExO0774ikEObIAEV9kDo50o+79VCUdEB6n6lzKgGwupcVeRlhrj3qGAfwq8G6uBJjkqLrhT0qEYFcWng8z1z0g==",
            "requires": {
                "safe-buffer": "5.1.2"
            }
        },
        "content-type": {
            "version": "1.0.4",
            "resolved": "https://registry.npmjs.org/content-type/-/content-type-1.0.4.tgz",
            "integrity": "sha512-hIP3EEPs8tB9AT1L+NUqtwOAps4mk2Zob89MWXMHjHWg9milF/j4osnnQLXBCBFBk/tvIG/tUc9mOUJiPBhPXA=="
        },
        "converter": {
            "version": "git+https://github.com/QuaNode/converter.git#a0f15c3a1e5cb312d5484312ecc2cca088f99610",
            "from": "git+https://github.com/QuaNode/converter.git",
            "requires": {
                "csv": "^5.5.0",
                "lodash": "^4.17.21",
                "plist": "^3.0.2",
                "pretty-data": "~0.40.0",
                "xml2js": "~0.4.1",
                "yamljs": "0.3.0"
            },
            "dependencies": {
                "lodash": {
                    "version": "4.17.21",
                    "resolved": "https://registry.npmjs.org/lodash/-/lodash-4.17.21.tgz",
                    "integrity": "sha512-v2kDEe57lecTulaDIuNTPy3Ry4gLGJ6Z1O3vE1krgXZNrsQ+LFTGHVxVjcXPs17LhbZVGedAJv8XZ1tvj5FvSg=="
                }
            }
        },
        "cookie": {
            "version": "0.4.0",
            "resolved": "https://registry.npmjs.org/cookie/-/cookie-0.4.0.tgz",
            "integrity": "sha512-+Hp8fLp57wnUSt0tY0tHEXh4voZRDnoIrZPqlo3DPiI4y9lwg/jqx+1Om94/W6ZaPDOUbnjOt/99w66zk+l1Xg=="
        },
        "cookie-signature": {
            "version": "1.0.6",
            "resolved": "https://registry.npmjs.org/cookie-signature/-/cookie-signature-1.0.6.tgz",
            "integrity": "sha1-4wOogrNCzD7oylE6eZmXNNqzriw="
        },
        "cors": {
            "version": "2.8.5",
            "resolved": "https://registry.npmjs.org/cors/-/cors-2.8.5.tgz",
            "integrity": "sha512-KIHbLJqu73RGr/hnbrO9uBeixNGuvSQjul/jdFvS/KFSIH1hWVd1ng7zOHx+YrEfInLG7q4n6GHQ9cDtxv/P6g==",
            "requires": {
                "object-assign": "^4",
                "vary": "^1"
            }
        },
        "csv": {
            "version": "5.5.0",
            "resolved": "https://registry.npmjs.org/csv/-/csv-5.5.0.tgz",
            "integrity": "sha512-32tcuxdb4HW3zbk8NBcVQb8/7xuJB5sv+q4BuQ6++E/K6JvHvWoCHcGzB5Au95vVikNH4ztE0XNC/Bws950cfA==",
            "requires": {
                "csv-generate": "^3.4.0",
                "csv-parse": "^4.15.3",
                "csv-stringify": "^5.6.2",
                "stream-transform": "^2.1.0"
            }
        },
        "csv-generate": {
            "version": "3.4.0",
            "resolved": "https://registry.npmjs.org/csv-generate/-/csv-generate-3.4.0.tgz",
            "integrity": "sha512-D6yi7c6lL70cpTx3TQIVWKrfxuLiKa0pBizu0zi7fSRXlhmE7u674gk9k1IjCEnxKq2t6xzbXnxcOmSdBbE8vQ=="
        },
        "csv-parse": {
            "version": "4.15.4",
            "resolved": "https://registry.npmjs.org/csv-parse/-/csv-parse-4.15.4.tgz",
            "integrity": "sha512-OdBbFc0yZhOm17lSxqkirrHlFFVpKRT0wp4DAGoJelsP3LbGzV9LNr7XmM/lrr0uGkCtaqac9UhP8PDHXOAbMg=="
        },
        "csv-stringify": {
            "version": "5.6.2",
            "resolved": "https://registry.npmjs.org/csv-stringify/-/csv-stringify-5.6.2.tgz",
            "integrity": "sha512-n3rIVbX6ylm1YsX2NEug9IaPV8xRnT+9/NNZbrA/bcHgOSSeqtWla6XnI/xmyu57wIw+ASCAoX1oM6EZtqJV0A=="
        },
        "debug": {
            "version": "4.3.2",
            "resolved": "https://registry.npmjs.org/debug/-/debug-4.3.2.tgz",
            "integrity": "sha512-mOp8wKcvj7XxC78zLgw/ZA+6TSgkoE2C/ienthhRD298T7UNwAg9diBpLRxC0mOezLl4B0xV7M0cCO6P/O0Xhw==",
            "requires": {
                "ms": "2.1.2"
            }
        },
        "define-js": {
            "version": "0.1.7",
            "resolved": "https://registry.npmjs.org/define-js/-/define-js-0.1.7.tgz",
            "integrity": "sha512-PB90yu8PDhHxw+tGg4IyAR/V23rniQYLa+OJ+6VDQhu5ITphXXGav5TvJILcFqdcUMV7rA+0y6NVku84NN/9GQ==",
            "requires": {
                "parseparams": "^0.1.1"
            }
        },
        "depd": {
            "version": "1.1.2",
            "resolved": "https://registry.npmjs.org/depd/-/depd-1.1.2.tgz",
            "integrity": "sha1-m81S4UwJd2PnSbJ0xDRu0uVgtak="
        },
        "destroy": {
            "version": "1.0.4",
            "resolved": "https://registry.npmjs.org/destroy/-/destroy-1.0.4.tgz",
            "integrity": "sha1-l4hXRCxEdJ5CBmE+N5RiBYJqvYA="
        },
        "dtrace-provider": {
            "version": "0.8.8",
            "resolved": "https://registry.npmjs.org/dtrace-provider/-/dtrace-provider-0.8.8.tgz",
            "integrity": "sha512-b7Z7cNtHPhH9EJhNNbbeqTcXB8LGFFZhq1PGgEvpeHlzd36bhbdTWoE/Ba/YguqpBSlAPKnARWhVlhunCMwfxg==",
            "optional": true,
            "requires": {
                "nan": "^2.14.0"
            }
        },
        "ee-first": {
            "version": "1.1.1",
            "resolved": "https://registry.npmjs.org/ee-first/-/ee-first-1.1.1.tgz",
            "integrity": "sha1-WQxhFWsK4vTwJVcyoViyZrxWsh0="
        },
        "encodeurl": {
            "version": "1.0.2",
            "resolved": "https://registry.npmjs.org/encodeurl/-/encodeurl-1.0.2.tgz",
            "integrity": "sha1-rT/0yG7C0CkyL1oCw6mmBslbP1k="
        },
        "engine.io": {
            "version": "6.0.1",
            "resolved": "https://registry.npmjs.org/engine.io/-/engine.io-6.0.1.tgz",
            "integrity": "sha512-Y53UaciUh2Rmx5MiogtMxOQcfh7pnemday+Bb4QDg0Wjmnvo/VTvuEyNGQgYmh8L7VOe8Je1QuiqjLNDelMqLA==",
            "requires": {
                "@types/cookie": "^0.4.1",
                "@types/cors": "^2.8.12",
                "@types/node": ">=10.0.0",
                "accepts": "~1.3.4",
                "base64id": "2.0.0",
                "cookie": "~0.4.1",
                "cors": "~2.8.5",
                "debug": "~4.3.1",
                "engine.io-parser": "~5.0.0",
                "ws": "~8.2.3"
            },
            "dependencies": {
                "cookie": {
                    "version": "0.4.1",
                    "resolved": "https://registry.npmjs.org/cookie/-/cookie-0.4.1.tgz",
                    "integrity": "sha512-ZwrFkGJxUR3EIoXtO+yVE69Eb7KlixbaeAWfBQB9vVsNn/o+Yw69gBWSSDK825hQNdN+wF8zELf3dFNl/kxkUA=="
                }
            }
        },
        "engine.io-parser": {
            "version": "5.0.1",
            "resolved": "https://registry.npmjs.org/engine.io-parser/-/engine.io-parser-5.0.1.tgz",
            "integrity": "sha512-j4p3WwJrG2k92VISM0op7wiq60vO92MlF3CRGxhKHy9ywG1/Dkc72g0dXeDQ+//hrcDn8gqQzoEkdO9FN0d9AA==",
            "requires": {
                "base64-arraybuffer": "~1.0.1"
            }
        },
        "escape-html": {
            "version": "1.0.3",
            "resolved": "https://registry.npmjs.org/escape-html/-/escape-html-1.0.3.tgz",
            "integrity": "sha1-Aljq5NPQwJdN4cFpGI7wBR0dGYg="
        },
        "etag": {
            "version": "1.8.1",
            "resolved": "https://registry.npmjs.org/etag/-/etag-1.8.1.tgz",
            "integrity": "sha1-Qa4u62XvpiJorr/qg6x9eSmbCIc="
        },
        "express": {
            "version": "4.17.1",
            "resolved": "https://registry.npmjs.org/express/-/express-4.17.1.tgz",
            "integrity": "sha512-mHJ9O79RqluphRrcw2X/GTh3k9tVv8YcoyY4Kkh4WDMUYKRZUq0h1o0w2rrrxBqM7VoeUVqgb27xlEMXTnYt4g==",
            "requires": {
                "accepts": "~1.3.7",
                "array-flatten": "1.1.1",
                "body-parser": "1.19.0",
                "content-disposition": "0.5.3",
                "content-type": "~1.0.4",
                "cookie": "0.4.0",
                "cookie-signature": "1.0.6",
                "debug": "2.6.9",
                "depd": "~1.1.2",
                "encodeurl": "~1.0.2",
                "escape-html": "~1.0.3",
                "etag": "~1.8.1",
                "finalhandler": "~1.1.2",
                "fresh": "0.5.2",
                "merge-descriptors": "1.0.1",
                "methods": "~1.1.2",
                "on-finished": "~2.3.0",
                "parseurl": "~1.3.3",
                "path-to-regexp": "0.1.7",
                "proxy-addr": "~2.0.5",
                "qs": "6.7.0",
                "range-parser": "~1.2.1",
                "safe-buffer": "5.1.2",
                "send": "0.17.1",
                "serve-static": "1.14.1",
                "setprototypeof": "1.1.1",
                "statuses": "~1.5.0",
                "type-is": "~1.6.18",
                "utils-merge": "1.0.1",
                "vary": "~1.1.2"
            },
            "dependencies": {
                "debug": {
                    "version": "2.6.9",
                    "resolved": "https://registry.npmjs.org/debug/-/debug-2.6.9.tgz",
                    "integrity": "sha512-bC7ElrdJaJnPbAP+1EotYvqZsb3ecl5wi6Bfi6BJTUcNowp6cvspg0jXznRTKDjm/E7AdgFBVeAPVMNcKGsHMA==",
                    "requires": {
                        "ms": "2.0.0"
                    }
                },
                "ms": {
                    "version": "2.0.0",
                    "resolved": "https://registry.npmjs.org/ms/-/ms-2.0.0.tgz",
                    "integrity": "sha1-VgiurfwAvmwpAd9fmGF4jeDVl8g="
                }
            }
        },
        "express-paginate": {
            "version": "1.0.2",
            "resolved": "https://registry.npmjs.org/express-paginate/-/express-paginate-1.0.2.tgz",
            "integrity": "sha512-z0VTaLrsMe4PJFifjJCC4Q11cwrveSOejicYOgFi6RzqUMPd8kIlK95x/xq6g6k6urCI2Fd3gadj3AZ9AGqguw==",
            "requires": {
                "lodash.assign": "^4.2.0",
                "lodash.clone": "^4.5.0",
                "lodash.isobject": "^3.0.2",
                "qs": "^6.5.1"
            }
        },
        "express-rate-limit": {
            "version": "5.5.1",
            "resolved": "https://registry.npmjs.org/express-rate-limit/-/express-rate-limit-5.5.1.tgz",
            "integrity": "sha512-MTjE2eIbHv5DyfuFz4zLYWxpqVhEhkTiwFGuB74Q9CSou2WHO52nlE5y3Zlg6SIsiYUIPj6ifFxnkPz6O3sIUg=="
        },
        "express-session": {
            "version": "1.17.2",
            "resolved": "https://registry.npmjs.org/express-session/-/express-session-1.17.2.tgz",
            "integrity": "sha512-mPcYcLA0lvh7D4Oqr5aNJFMtBMKPLl++OKKxkHzZ0U0oDq1rpKBnkR5f5vCHR26VeArlTOEF9td4x5IjICksRQ==",
            "requires": {
                "cookie": "0.4.1",
                "cookie-signature": "1.0.6",
                "debug": "2.6.9",
                "depd": "~2.0.0",
                "on-headers": "~1.0.2",
                "parseurl": "~1.3.3",
                "safe-buffer": "5.2.1",
                "uid-safe": "~2.1.5"
            },
            "dependencies": {
                "cookie": {
                    "version": "0.4.1",
                    "resolved": "https://registry.npmjs.org/cookie/-/cookie-0.4.1.tgz",
                    "integrity": "sha512-ZwrFkGJxUR3EIoXtO+yVE69Eb7KlixbaeAWfBQB9vVsNn/o+Yw69gBWSSDK825hQNdN+wF8zELf3dFNl/kxkUA=="
                },
                "debug": {
                    "version": "2.6.9",
                    "resolved": "https://registry.npmjs.org/debug/-/debug-2.6.9.tgz",
                    "integrity": "sha512-bC7ElrdJaJnPbAP+1EotYvqZsb3ecl5wi6Bfi6BJTUcNowp6cvspg0jXznRTKDjm/E7AdgFBVeAPVMNcKGsHMA==",
                    "requires": {
                        "ms": "2.0.0"
                    }
                },
                "depd": {
                    "version": "2.0.0",
                    "resolved": "https://registry.npmjs.org/depd/-/depd-2.0.0.tgz",
                    "integrity": "sha512-g7nH6P6dyDioJogAAGprGpCtVImJhpPk/roCzdb3fIh61/s/nPsfR6onyMwkCAR/OlC3yBC0lESvUoQEAssIrw=="
                },
                "ms": {
                    "version": "2.0.0",
                    "resolved": "https://registry.npmjs.org/ms/-/ms-2.0.0.tgz",
                    "integrity": "sha1-VgiurfwAvmwpAd9fmGF4jeDVl8g="
                },
                "safe-buffer": {
                    "version": "5.2.1",
                    "resolved": "https://registry.npmjs.org/safe-buffer/-/safe-buffer-5.2.1.tgz",
                    "integrity": "sha512-rp3So07KcdmmKbGvgaNxQSJr7bGVSVk5S9Eq1F+ppbRo70+YeaDxkw5Dd8NPN+GD6bjnYm2VuPuCXmpuYvmCXQ=="
                }
            }
        },
        "express-unless": {
            "version": "1.0.0",
            "resolved": "https://registry.npmjs.org/express-unless/-/express-unless-1.0.0.tgz",
            "integrity": "sha512-zXSSClWBPfcSYjg0hcQNompkFN/MxQQ53eyrzm9BYgik2ut2I7PxAf2foVqBRMYCwWaZx/aWodi+uk76npdSAw=="
        },
        "finalhandler": {
            "version": "1.1.2",
            "resolved": "https://registry.npmjs.org/finalhandler/-/finalhandler-1.1.2.tgz",
            "integrity": "sha512-aAWcW57uxVNrQZqFXjITpW3sIUQmHGG3qSb9mUah9MgMC4NeWhNOlNjXEYq3HjRAvL6arUviZGGJsBg6z0zsWA==",
            "requires": {
                "debug": "2.6.9",
                "encodeurl": "~1.0.2",
                "escape-html": "~1.0.3",
                "on-finished": "~2.3.0",
                "parseurl": "~1.3.3",
                "statuses": "~1.5.0",
                "unpipe": "~1.0.0"
            },
            "dependencies": {
                "debug": {
                    "version": "2.6.9",
                    "resolved": "https://registry.npmjs.org/debug/-/debug-2.6.9.tgz",
                    "integrity": "sha512-bC7ElrdJaJnPbAP+1EotYvqZsb3ecl5wi6Bfi6BJTUcNowp6cvspg0jXznRTKDjm/E7AdgFBVeAPVMNcKGsHMA==",
                    "requires": {
                        "ms": "2.0.0"
                    }
                },
                "ms": {
                    "version": "2.0.0",
                    "resolved": "https://registry.npmjs.org/ms/-/ms-2.0.0.tgz",
                    "integrity": "sha1-VgiurfwAvmwpAd9fmGF4jeDVl8g="
                }
            }
        },
        "follow-redirects": {
            "version": "1.14.4",
            "resolved": "https://registry.npmjs.org/follow-redirects/-/follow-redirects-1.14.4.tgz",
            "integrity": "sha512-zwGkiSXC1MUJG/qmeIFH2HBJx9u0V46QGUe3YR1fXG8bXQxq7fLj0RjLZQ5nubr9qNJUZrH+xUcwXEoXNpfS+g=="
        },
        "forwarded": {
            "version": "0.2.0",
            "resolved": "https://registry.npmjs.org/forwarded/-/forwarded-0.2.0.tgz",
            "integrity": "sha512-buRG0fpBtRHSTCOASe6hD258tEubFoRLb4ZNA6NxMVHNw2gOcwHo9wyablzMzOA5z9xA9L1KNjk/Nt6MT9aYow=="
        },
        "fresh": {
            "version": "0.5.2",
            "resolved": "https://registry.npmjs.org/fresh/-/fresh-0.5.2.tgz",
            "integrity": "sha1-PYyt2Q2XZWn6g1qx+OSyOhBWBac="
        },
        "fs.realpath": {
            "version": "1.0.0",
            "resolved": "https://registry.npmjs.org/fs.realpath/-/fs.realpath-1.0.0.tgz",
            "integrity": "sha1-FQStJSMVjKpA20onh8sBQRmU6k8="
        },
        "glob": {
            "version": "7.1.6",
            "resolved": "https://registry.npmjs.org/glob/-/glob-7.1.6.tgz",
            "integrity": "sha512-LwaxwyZ72Lk7vZINtNNrywX0ZuLyStrdDtabefZKAY5ZGJhVtgdznluResxNmPitE0SAO+O26sWTHeKSI2wMBA==",
            "requires": {
                "fs.realpath": "^1.0.0",
                "inflight": "^1.0.4",
                "inherits": "2",
                "minimatch": "^3.0.4",
                "once": "^1.3.0",
                "path-is-absolute": "^1.0.0"
            }
        },
        "http-errors": {
            "version": "1.7.2",
            "resolved": "https://registry.npmjs.org/http-errors/-/http-errors-1.7.2.tgz",
            "integrity": "sha512-uUQBt3H/cSIVfch6i1EuPNy/YsRSOUBXTVfZ+yR7Zjez3qjBz6i9+i4zjNaoqcoFVI4lQJ5plg63TvGfRSDCRg==",
            "requires": {
                "depd": "~1.1.2",
                "inherits": "2.0.3",
                "setprototypeof": "1.1.1",
                "statuses": ">= 1.5.0 < 2",
                "toidentifier": "1.0.0"
            },
            "dependencies": {
                "inherits": {
                    "version": "2.0.3",
                    "resolved": "https://registry.npmjs.org/inherits/-/inherits-2.0.3.tgz",
                    "integrity": "sha1-Yzwsg+PaQqUC9SRmAiSA9CCCYd4="
                }
            }
        },
        "http-status-codes": {
            "version": "git+https://github.com/QuaNode/node-http-status.git#b3d51ca07a724b76e6f3b86e8466d94feba51dbb",
            "from": "git+https://github.com/QuaNode/node-http-status.git"
        },
        "iconv-lite": {
            "version": "0.4.24",
            "resolved": "https://registry.npmjs.org/iconv-lite/-/iconv-lite-0.4.24.tgz",
            "integrity": "sha512-v3MXnZAcvnywkTUEZomIActle7RXXeedOR31wwl7VlyoXO4Qi9arvSenNQWne1TcRwhCL1HwLI21bEqdpj8/rA==",
            "requires": {
                "safer-buffer": ">= 2.1.2 < 3"
            }
        },
        "inflight": {
            "version": "1.0.6",
            "resolved": "https://registry.npmjs.org/inflight/-/inflight-1.0.6.tgz",
            "integrity": "sha1-Sb1jMdfQLQwJvJEKEHW6gWW1bfk=",
            "requires": {
                "once": "^1.3.0",
                "wrappy": "1"
            }
        },
        "inherits": {
            "version": "2.0.4",
            "resolved": "https://registry.npmjs.org/inherits/-/inherits-2.0.4.tgz",
            "integrity": "sha512-k/vGaX4/Yla3WzyMCvTQOXYeIHvqOKtnqBduzTHpzpQZzAskKMhZ2K+EnBiSM9zGSoIFeMpXKxa4dYeZIQqewQ=="
        },
        "ipaddr.js": {
            "version": "1.9.1",
            "resolved": "https://registry.npmjs.org/ipaddr.js/-/ipaddr.js-1.9.1.tgz",
            "integrity": "sha512-0KI/607xoxSToH7GjN1FfSbLoU0+btTicjsQSWQlh/hZykN8KpmMf7uYwPW3R+akZ6R/w18ZlXSHBYXiYUPO3g=="
        },
        "js-behaviours": {
            "version": "1.2.0",
            "resolved": "https://registry.npmjs.org/js-behaviours/-/js-behaviours-1.2.0.tgz",
            "integrity": "sha512-iz6O8dOdBrnU4u4x71bbpPv8tmeGwajB1KKJj1AJ4/q8XSN5fpaD9UTCn+NooQRv9eltPRktZ4vcF1RqsZkTtQ==",
            "requires": {
                "axios": "^0.21.4"
            }
        },
        "lodash.assign": {
            "version": "4.2.0",
            "resolved": "https://registry.npmjs.org/lodash.assign/-/lodash.assign-4.2.0.tgz",
            "integrity": "sha1-DZnzzNem0mHRm9rrkkUAXShYCOc="
        },
        "lodash.clone": {
            "version": "4.5.0",
            "resolved": "https://registry.npmjs.org/lodash.clone/-/lodash.clone-4.5.0.tgz",
            "integrity": "sha1-GVhwRQ9aExkkeN9Lw9I9LeoZB7Y="
        },
        "lodash.isobject": {
            "version": "3.0.2",
            "resolved": "https://registry.npmjs.org/lodash.isobject/-/lodash.isobject-3.0.2.tgz",
            "integrity": "sha1-PI+41bW/S/kK4G4U8qUwpO2TXh0="
        },
        "lru-cache": {
            "version": "4.1.5",
            "resolved": "https://registry.npmjs.org/lru-cache/-/lru-cache-4.1.5.tgz",
            "integrity": "sha512-sWZlbEP2OsHNkXrMl5GYk/jKk70MBng6UU4YI/qGDYbgf6YbP4EvmqISbXCoJiRKs+1bSpFHVgQxvJ17F2li5g==",
            "requires": {
                "pseudomap": "^1.0.2",
                "yallist": "^2.1.2"
            }
        },
        "media-typer": {
            "version": "0.3.0",
            "resolved": "https://registry.npmjs.org/media-typer/-/media-typer-0.3.0.tgz",
            "integrity": "sha1-hxDXrwqmJvj/+hzgAWhUUmMlV0g="
        },
        "memorystore": {
            "version": "1.6.6",
            "resolved": "https://registry.npmjs.org/memorystore/-/memorystore-1.6.6.tgz",
            "integrity": "sha512-EbLl1xg9+DlnjXkZK/eMUoWyhZ1IxcWMpSuFyqyA/Z4BNuH7BR+E0yC40WbLZZ6G8LxHiUZ2DPhqV8DR8+9UQQ==",
            "requires": {
                "debug": "^4.3.0",
                "lru-cache": "^4.0.3"
            }
        },
        "merge-descriptors": {
            "version": "1.0.1",
            "resolved": "https://registry.npmjs.org/merge-descriptors/-/merge-descriptors-1.0.1.tgz",
            "integrity": "sha1-sAqqVW3YtEVoFQ7J0blT8/kMu2E="
        },
        "methods": {
            "version": "1.1.2",
            "resolved": "https://registry.npmjs.org/methods/-/methods-1.1.2.tgz",
            "integrity": "sha1-VSmk1nZUE07cxSZmVoNbD4Ua/O4="
        },
        "mime": {
            "version": "1.6.0",
            "resolved": "https://registry.npmjs.org/mime/-/mime-1.6.0.tgz",
            "integrity": "sha512-x0Vn8spI+wuJ1O6S7gnbaQg8Pxh4NNHb7KSINmEWKiPE4RKOplvijn+NkmYmmRgP68mc70j2EbeTFRsrswaQeg=="
        },
        "mime-db": {
            "version": "1.49.0",
            "resolved": "https://registry.npmjs.org/mime-db/-/mime-db-1.49.0.tgz",
            "integrity": "sha512-CIc8j9URtOVApSFCQIF+VBkX1RwXp/oMMOrqdyXSBXq5RWNEsRfyj1kiRnQgmNXmHxPoFIxOroKA3zcU9P+nAA=="
        },
        "mime-types": {
            "version": "2.1.32",
            "resolved": "https://registry.npmjs.org/mime-types/-/mime-types-2.1.32.tgz",
            "integrity": "sha512-hJGaVS4G4c9TSMYh2n6SQAGrC4RnfU+daP8G7cSCmaqNjiOoUY0VHCMS42pxnQmVF1GWwFhbHWn3RIxCqTmZ9A==",
            "requires": {
                "mime-db": "1.49.0"
            }
        },
        "minimatch": {
            "version": "3.0.4",
            "resolved": "https://registry.npmjs.org/minimatch/-/minimatch-3.0.4.tgz",
            "integrity": "sha512-yJHVQEhyqPLUTgt9B83PXu6W3rx4MvvHvSUvToogpwoGDOUQ+yDrR0HRot+yOCdCO7u4hX3pWft6kWBBcqh0UA==",
            "requires": {
                "brace-expansion": "^1.1.7"
            }
        },
        "minimist": {
            "version": "1.2.5",
            "resolved": "https://registry.npmjs.org/minimist/-/minimist-1.2.5.tgz",
            "integrity": "sha512-FM9nNUYrRBAELZQT3xeZQ7fmMOBg6nWNmJKTcgsJeaLstP/UODVpGsr5OhXhhXg6f+qtJ8uiZ+PUxkDWcgIXLw==",
            "optional": true
        },
        "mixme": {
            "version": "0.5.4",
            "resolved": "https://registry.npmjs.org/mixme/-/mixme-0.5.4.tgz",
            "integrity": "sha512-3KYa4m4Vlqx98GPdOHghxSdNtTvcP8E0kkaJ5Dlh+h2DRzF7zpuVVcA8B0QpKd11YJeP9QQ7ASkKzOeu195Wzw=="
        },
        "mkdirp": {
            "version": "0.5.5",
            "resolved": "https://registry.npmjs.org/mkdirp/-/mkdirp-0.5.5.tgz",
            "integrity": "sha512-NKmAlESf6jMGym1++R0Ra7wvhV+wFW63FaSOFPwRahvea0gMUcGUhVeAg/0BC0wiv9ih5NYPB1Wn1UEI1/L+xQ==",
            "optional": true,
            "requires": {
                "minimist": "^1.2.5"
            }
        },
        "moment": {
            "version": "2.29.1",
            "resolved": "https://registry.npmjs.org/moment/-/moment-2.29.1.tgz",
            "integrity": "sha512-kHmoybcPV8Sqy59DwNDY3Jefr64lK/by/da0ViFcuA4DH0vQg5Q6Ze5VimxkfQNSC+Mls/Kx53s7TjP1RhFEDQ==",
            "optional": true
        },
        "morgan": {
            "version": "1.10.0",
            "resolved": "https://registry.npmjs.org/morgan/-/morgan-1.10.0.tgz",
            "integrity": "sha512-AbegBVI4sh6El+1gNwvD5YIck7nSA36weD7xvIxG4in80j/UoK8AEGaWnnz8v1GxonMCltmlNs5ZKbGvl9b1XQ==",
            "requires": {
                "basic-auth": "~2.0.1",
                "debug": "2.6.9",
                "depd": "~2.0.0",
                "on-finished": "~2.3.0",
                "on-headers": "~1.0.2"
            },
            "dependencies": {
                "debug": {
                    "version": "2.6.9",
                    "resolved": "https://registry.npmjs.org/debug/-/debug-2.6.9.tgz",
                    "integrity": "sha512-bC7ElrdJaJnPbAP+1EotYvqZsb3ecl5wi6Bfi6BJTUcNowp6cvspg0jXznRTKDjm/E7AdgFBVeAPVMNcKGsHMA==",
                    "requires": {
                        "ms": "2.0.0"
                    }
                },
                "depd": {
                    "version": "2.0.0",
                    "resolved": "https://registry.npmjs.org/depd/-/depd-2.0.0.tgz",
                    "integrity": "sha512-g7nH6P6dyDioJogAAGprGpCtVImJhpPk/roCzdb3fIh61/s/nPsfR6onyMwkCAR/OlC3yBC0lESvUoQEAssIrw=="
                },
                "ms": {
                    "version": "2.0.0",
                    "resolved": "https://registry.npmjs.org/ms/-/ms-2.0.0.tgz",
                    "integrity": "sha1-VgiurfwAvmwpAd9fmGF4jeDVl8g="
                }
            }
        },
        "ms": {
            "version": "2.1.2",
            "resolved": "https://registry.npmjs.org/ms/-/ms-2.1.2.tgz",
            "integrity": "sha512-sGkPx+VjMtmA6MX27oA4FBFELFCZZ4S4XqeGOXCv68tT+jb3vk/RyaKWP0PTKyWtmLSM0b+adUTEvbs1PEaH2w=="
        },
        "mv": {
            "version": "2.1.1",
            "resolved": "https://registry.npmjs.org/mv/-/mv-2.1.1.tgz",
            "integrity": "sha1-rmzg1vbV4KT32JN5jQPB6pVZtqI=",
            "optional": true,
            "requires": {
                "mkdirp": "~0.5.1",
                "ncp": "~2.0.0",
                "rimraf": "~2.4.0"
            }
        },
        "nan": {
            "version": "2.15.0",
            "resolved": "https://registry.npmjs.org/nan/-/nan-2.15.0.tgz",
            "integrity": "sha512-8ZtvEnA2c5aYCZYd1cvgdnU6cqwixRoYg70xPLWUws5ORTa/lnw+u4amixRS/Ac5U5mQVgp9pnlSUnbNWFaWZQ==",
            "optional": true
        },
        "ncp": {
            "version": "2.0.0",
            "resolved": "https://registry.npmjs.org/ncp/-/ncp-2.0.0.tgz",
            "integrity": "sha1-GVoh1sRuNh0vsSgbo4uR6d9727M=",
            "optional": true
        },
        "negotiator": {
            "version": "0.6.2",
            "resolved": "https://registry.npmjs.org/negotiator/-/negotiator-0.6.2.tgz",
            "integrity": "sha512-hZXc7K2e+PgeI1eDBe/10Ard4ekbfrrqG8Ep+8Jmf4JID2bNg7NvCPOZN+kfF574pFQI7mum2AUqDidoKqcTOw=="
        },
        "object-assign": {
            "version": "4.1.1",
            "resolved": "https://registry.npmjs.org/object-assign/-/object-assign-4.1.1.tgz",
            "integrity": "sha1-IQmtx5ZYh8/AXLvUQsrIv7s2CGM="
        },
        "on-finished": {
            "version": "2.3.0",
            "resolved": "https://registry.npmjs.org/on-finished/-/on-finished-2.3.0.tgz",
            "integrity": "sha1-IPEzZIGwg811M3mSoWlxqi2QaUc=",
            "requires": {
                "ee-first": "1.1.1"
            }
        },
        "on-headers": {
            "version": "1.0.2",
            "resolved": "https://registry.npmjs.org/on-headers/-/on-headers-1.0.2.tgz",
            "integrity": "sha512-pZAE+FJLoyITytdqK0U5s+FIpjN0JP3OzFi/u8Rx+EV5/W+JTWGXG8xFzevE7AjBfDqHv/8vL8qQsIhHnqRkrA=="
        },
        "once": {
            "version": "1.4.0",
            "resolved": "https://registry.npmjs.org/once/-/once-1.4.0.tgz",
            "integrity": "sha1-WDsap3WWHUsROsF9nFC6753Xa9E=",
            "requires": {
                "wrappy": "1"
            }
        },
        "parseparams": {
            "version": "0.1.1",
            "resolved": "https://registry.npmjs.org/parseparams/-/parseparams-0.1.1.tgz",
            "integrity": "sha1-wMR9ChloFpi9ECwKb8FXhwwoLE8="
        },
        "parseurl": {
            "version": "1.3.3",
            "resolved": "https://registry.npmjs.org/parseurl/-/parseurl-1.3.3.tgz",
            "integrity": "sha512-CiyeOxFT/JZyN5m0z9PfXw4SCBJ6Sygz1Dpl0wqjlhDEGGBP1GnsUVEL0p63hoG1fcj3fHynXi9NYO4nWOL+qQ=="
        },
        "path-is-absolute": {
            "version": "1.0.1",
            "resolved": "https://registry.npmjs.org/path-is-absolute/-/path-is-absolute-1.0.1.tgz",
            "integrity": "sha1-F0uSaHNVNP+8es5r9TpanhtcX18="
        },
        "path-to-regexp": {
            "version": "0.1.7",
            "resolved": "https://registry.npmjs.org/path-to-regexp/-/path-to-regexp-0.1.7.tgz",
            "integrity": "sha1-32BBeABfUi8V60SQ5yR6G/qmf4w="
        },
        "plist": {
            "version": "3.0.2",
            "resolved": "https://registry.npmjs.org/plist/-/plist-3.0.2.tgz",
            "integrity": "sha512-MSrkwZBdQ6YapHy87/8hDU8MnIcyxBKjeF+McXnr5A9MtffPewTs7G3hlpodT5TacyfIyFTaJEhh3GGcmasTgQ==",
            "requires": {
                "base64-js": "^1.5.1",
                "xmlbuilder": "^9.0.7",
                "xmldom": "^0.5.0"
            },
            "dependencies": {
                "xmlbuilder": {
                    "version": "9.0.7",
                    "resolved": "https://registry.npmjs.org/xmlbuilder/-/xmlbuilder-9.0.7.tgz",
                    "integrity": "sha1-Ey7mPS7FVlxVfiD0wi35rKaGsQ0="
                }
            }
        },
        "pretty-data": {
            "version": "0.40.0",
            "resolved": "https://registry.npmjs.org/pretty-data/-/pretty-data-0.40.0.tgz",
            "integrity": "sha1-Vyqo6iNGdGerlLa1Jmpv2cj93XI="
        },
        "proxy-addr": {
            "version": "2.0.7",
            "resolved": "https://registry.npmjs.org/proxy-addr/-/proxy-addr-2.0.7.tgz",
            "integrity": "sha512-llQsMLSUDUPT44jdrU/O37qlnifitDP+ZwrmmZcoSKyLKvtZxpyV0n2/bD/N4tBAAZ/gJEdZU7KMraoK1+XYAg==",
            "requires": {
                "forwarded": "0.2.0",
                "ipaddr.js": "1.9.1"
            }
        },
        "pseudomap": {
            "version": "1.0.2",
            "resolved": "https://registry.npmjs.org/pseudomap/-/pseudomap-1.0.2.tgz",
            "integrity": "sha1-8FKijacOYYkX7wqKw0wa5aaChrM="
        },
        "qs": {
            "version": "6.7.0",
            "resolved": "https://registry.npmjs.org/qs/-/qs-6.7.0.tgz",
            "integrity": "sha512-VCdBRNFTX1fyE7Nb6FYoURo/SPe62QCaAyzJvUjwRaIsc+NePBEniHlvxFmmX56+HZphIGtV0XeCirBtpDrTyQ=="
        },
        "random-bytes": {
            "version": "1.0.0",
            "resolved": "https://registry.npmjs.org/random-bytes/-/random-bytes-1.0.0.tgz",
            "integrity": "sha1-T2ih3Arli9P7lYSMMDJNt11kNgs="
        },
        "range-parser": {
            "version": "1.2.1",
            "resolved": "https://registry.npmjs.org/range-parser/-/range-parser-1.2.1.tgz",
            "integrity": "sha512-Hrgsx+orqoygnmhFbKaHE6c296J+HTAQXoxEF6gNupROmmGJRoyzfG3ccAveqCBrwr/2yxQ5BVd/GTl5agOwSg=="
        },
        "raw-body": {
            "version": "2.4.0",
            "resolved": "https://registry.npmjs.org/raw-body/-/raw-body-2.4.0.tgz",
            "integrity": "sha512-4Oz8DUIwdvoa5qMJelxipzi/iJIi40O5cGV1wNYp5hvZP8ZN0T+jiNkL0QepXs+EsQ9XJ8ipEDoiH70ySUJP3Q==",
            "requires": {
                "bytes": "3.1.0",
                "http-errors": "1.7.2",
                "iconv-lite": "0.4.24",
                "unpipe": "1.0.0"
            }
        },
        "rimraf": {
            "version": "2.4.5",
            "resolved": "https://registry.npmjs.org/rimraf/-/rimraf-2.4.5.tgz",
            "integrity": "sha1-7nEM5dk6j9uFb7Xqj/Di11k0sto=",
            "optional": true,
            "requires": {
                "glob": "^6.0.1"
            },
            "dependencies": {
                "glob": {
                    "version": "6.0.4",
                    "resolved": "https://registry.npmjs.org/glob/-/glob-6.0.4.tgz",
                    "integrity": "sha1-DwiGD2oVUSey+t1PnOJLGqtuTSI=",
                    "optional": true,
                    "requires": {
                        "inflight": "^1.0.4",
                        "inherits": "2",
                        "minimatch": "2 || 3",
                        "once": "^1.3.0",
                        "path-is-absolute": "^1.0.0"
                    }
                }
            }
        },
        "route-parser": {
            "version": "0.0.5",
            "resolved": "https://registry.npmjs.org/route-parser/-/route-parser-0.0.5.tgz",
            "integrity": "sha1-fR0J0zXkkJQDHqFpkaSnmwG74fQ="
        },
        "safe-buffer": {
            "version": "5.1.2",
            "resolved": "https://registry.npmjs.org/safe-buffer/-/safe-buffer-5.1.2.tgz",
            "integrity": "sha512-Gd2UZBJDkXlY7GbJxfsE8/nvKkUEU1G38c1siN6QP6a9PT9MmHB8GnpscSmMJSoF8LOIrt8ud/wPtojys4G6+g=="
        },
        "safe-json-stringify": {
            "version": "1.2.0",
            "resolved": "https://registry.npmjs.org/safe-json-stringify/-/safe-json-stringify-1.2.0.tgz",
            "integrity": "sha512-gH8eh2nZudPQO6TytOvbxnuhYBOvDBBLW52tz5q6X58lJcd/tkmqFR+5Z9adS8aJtURSXWThWy/xJtJwixErvg==",
            "optional": true
        },
        "safer-buffer": {
            "version": "2.1.2",
            "resolved": "https://registry.npmjs.org/safer-buffer/-/safer-buffer-2.1.2.tgz",
            "integrity": "sha512-YZo3K82SD7Riyi0E1EQPojLz7kpepnSQI9IyPbHHg1XXXevb5dJI7tpyN2ADxGcQbHG7vcyRHk0cbwqcQriUtg=="
        },
        "sax": {
            "version": "1.2.4",
            "resolved": "https://registry.npmjs.org/sax/-/sax-1.2.4.tgz",
            "integrity": "sha512-NqVDv9TpANUjFm0N8uM5GxL36UgKi9/atZw+x7YFnQ8ckwFGKrl4xX4yWtrey3UJm5nP1kUbnYgLopqWNSRhWw=="
        },
        "send": {
            "version": "0.17.1",
            "resolved": "https://registry.npmjs.org/send/-/send-0.17.1.tgz",
            "integrity": "sha512-BsVKsiGcQMFwT8UxypobUKyv7irCNRHk1T0G680vk88yf6LBByGcZJOTJCrTP2xVN6yI+XjPJcNuE3V4fT9sAg==",
            "requires": {
                "debug": "2.6.9",
                "depd": "~1.1.2",
                "destroy": "~1.0.4",
                "encodeurl": "~1.0.2",
                "escape-html": "~1.0.3",
                "etag": "~1.8.1",
                "fresh": "0.5.2",
                "http-errors": "~1.7.2",
                "mime": "1.6.0",
                "ms": "2.1.1",
                "on-finished": "~2.3.0",
                "range-parser": "~1.2.1",
                "statuses": "~1.5.0"
            },
            "dependencies": {
                "debug": {
                    "version": "2.6.9",
                    "resolved": "https://registry.npmjs.org/debug/-/debug-2.6.9.tgz",
                    "integrity": "sha512-bC7ElrdJaJnPbAP+1EotYvqZsb3ecl5wi6Bfi6BJTUcNowp6cvspg0jXznRTKDjm/E7AdgFBVeAPVMNcKGsHMA==",
                    "requires": {
                        "ms": "2.0.0"
                    },
                    "dependencies": {
                        "ms": {
                            "version": "2.0.0",
                            "resolved": "https://registry.npmjs.org/ms/-/ms-2.0.0.tgz",
                            "integrity": "sha1-VgiurfwAvmwpAd9fmGF4jeDVl8g="
                        }
                    }
                },
                "ms": {
                    "version": "2.1.1",
                    "resolved": "https://registry.npmjs.org/ms/-/ms-2.1.1.tgz",
                    "integrity": "sha512-tgp+dl5cGk28utYktBsrFqA7HKgrhgPsg6Z/EfhWI4gl1Hwq8B/GmY/0oXZ6nF8hDVesS/FpnYaD/kOWhYQvyg=="
                }
            }
        },
        "serve-static": {
            "version": "1.14.1",
            "resolved": "https://registry.npmjs.org/serve-static/-/serve-static-1.14.1.tgz",
            "integrity": "sha512-JMrvUwE54emCYWlTI+hGrGv5I8dEwmco/00EvkzIIsR7MqrHonbD9pO2MOfFnpFntl7ecpZs+3mW+XbQZu9QCg==",
            "requires": {
                "encodeurl": "~1.0.2",
                "escape-html": "~1.0.3",
                "parseurl": "~1.3.3",
                "send": "0.17.1"
            }
        },
        "setprototypeof": {
            "version": "1.1.1",
            "resolved": "https://registry.npmjs.org/setprototypeof/-/setprototypeof-1.1.1.tgz",
            "integrity": "sha512-JvdAWfbXeIGaZ9cILp38HntZSFSo3mWg6xGcJJsd+d4aRMOqauag1C63dJfDw7OaMYwEbHMOxEZ1lqVRYP2OAw=="
        },
        "shallow-copy": {
            "version": "0.0.1",
            "resolved": "https://registry.npmjs.org/shallow-copy/-/shallow-copy-0.0.1.tgz",
            "integrity": "sha1-QV9CcC1z2BAzApLMXuhurhoRoXA="
        },
        "snyk": {
            "version": "1.685.0",
            "resolved": "https://registry.npmjs.org/snyk/-/snyk-1.685.0.tgz",
            "integrity": "sha512-pVAI7tbvPOqDLY75eHsbmAoY3ZQsHikiaCDK1w96MYY/yke35fUACe2z8XIjcBgC+lD7joycBdrS0wbORu10Ew=="
        },
        "socket.io": {
            "version": "4.3.2",
            "resolved": "https://registry.npmjs.org/socket.io/-/socket.io-4.3.2.tgz",
            "integrity": "sha512-6S5tV4jcY6dbZ/lLzD6EkvNWI3s81JO6ABP/EpvOlK1NPOcIj3AS4khi6xXw6JlZCASq82HQV4SapfmVMMl2dg==",
            "requires": {
                "accepts": "~1.3.4",
                "base64id": "~2.0.0",
                "debug": "~4.3.2",
                "engine.io": "~6.0.0",
                "socket.io-adapter": "~2.3.2",
                "socket.io-parser": "~4.0.4"
            }
        },
        "socket.io-adapter": {
            "version": "2.3.2",
            "resolved": "https://registry.npmjs.org/socket.io-adapter/-/socket.io-adapter-2.3.2.tgz",
            "integrity": "sha512-PBZpxUPYjmoogY0aoaTmo1643JelsaS1CiAwNjRVdrI0X9Seuc19Y2Wife8k88avW6haG8cznvwbubAZwH4Mtg=="
        },
        "socket.io-parser": {
            "version": "4.0.4",
            "resolved": "https://registry.npmjs.org/socket.io-parser/-/socket.io-parser-4.0.4.tgz",
            "integrity": "sha512-t+b0SS+IxG7Rxzda2EVvyBZbvFPBCjJoyHuE0P//7OAsN23GItzDRdWa6ALxZI/8R5ygK7jAR6t028/z+7295g==",
            "requires": {
                "@types/component-emitter": "^1.2.10",
                "component-emitter": "~1.3.0",
                "debug": "~4.3.1"
            }
        },
        "statuses": {
            "version": "1.5.0",
            "resolved": "https://registry.npmjs.org/statuses/-/statuses-1.5.0.tgz",
            "integrity": "sha1-Fhx9rBd2Wf2YEfQ3cfqZOBR4Yow="
        },
        "stream-transform": {
            "version": "2.1.0",
            "resolved": "https://registry.npmjs.org/stream-transform/-/stream-transform-2.1.0.tgz",
            "integrity": "sha512-bwQO+75rzQbug7e5OOHnOR3FgbJ0fCjHmDIdynkwUaFzleBXugGmv2dx3sX3aIHUQRLjrcisRPgN9BWl63uGgw==",
            "requires": {
                "mixme": "^0.5.0"
            }
        },
        "toidentifier": {
            "version": "1.0.0",
            "resolved": "https://registry.npmjs.org/toidentifier/-/toidentifier-1.0.0.tgz",
            "integrity": "sha512-yaOH/Pk/VEhBWWTlhI+qXxDFXlejDGcQipMlyxda9nthulaxLZUNcUqFxokp0vcYnvteJln5FNQDRrxj3YcbVw=="
        },
        "type-is": {
            "version": "1.6.18",
            "resolved": "https://registry.npmjs.org/type-is/-/type-is-1.6.18.tgz",
            "integrity": "sha512-TkRKr9sUTxEH8MdfuCSP7VizJyzRNMjj2J2do2Jr3Kym598JVdEksuzPQCnlFPW4ky9Q+iA+ma9BGm06XQBy8g==",
            "requires": {
                "media-typer": "0.3.0",
                "mime-types": "~2.1.24"
            }
        },
        "uid-safe": {
            "version": "2.1.5",
            "resolved": "https://registry.npmjs.org/uid-safe/-/uid-safe-2.1.5.tgz",
            "integrity": "sha512-KPHm4VL5dDXKz01UuEd88Df+KzynaohSL9fBh096KWAxSKZQDI2uBrVqtvRM4rwrIrRRKsdLNML/lnaaVSRioA==",
            "requires": {
                "random-bytes": "~1.0.0"
            }
        },
        "unpipe": {
            "version": "1.0.0",
            "resolved": "https://registry.npmjs.org/unpipe/-/unpipe-1.0.0.tgz",
            "integrity": "sha1-sr9O6FFKrmFltIF4KdIbLvSZBOw="
        },
        "utils-merge": {
            "version": "1.0.1",
            "resolved": "https://registry.npmjs.org/utils-merge/-/utils-merge-1.0.1.tgz",
            "integrity": "sha1-n5VxD1CiZ5R7LMwSR0HBAoQn5xM="
        },
        "vary": {
            "version": "1.1.2",
            "resolved": "https://registry.npmjs.org/vary/-/vary-1.1.2.tgz",
            "integrity": "sha1-IpnwLG3tMNSllhsLn3RSShj2NPw="
        },
        "vhost": {
            "version": "3.0.2",
            "resolved": "https://registry.npmjs.org/vhost/-/vhost-3.0.2.tgz",
            "integrity": "sha1-L7HezUxGaqiLD5NBrzPcGv8keNU="
        },
        "wrappy": {
            "version": "1.0.2",
            "resolved": "https://registry.npmjs.org/wrappy/-/wrappy-1.0.2.tgz",
            "integrity": "sha1-tSQ9jz7BqjXxNkYFvA0QNuMKtp8="
        },
        "ws": {
            "version": "8.2.3",
            "resolved": "https://registry.npmjs.org/ws/-/ws-8.2.3.tgz",
            "integrity": "sha512-wBuoj1BDpC6ZQ1B7DWQBYVLphPWkm8i9Y0/3YdHjHKHiohOJ1ws+3OccDWtH+PoC9DZD5WOTrJvNbWvjS6JWaA=="
        },
        "xml2js": {
            "version": "0.4.23",
            "resolved": "https://registry.npmjs.org/xml2js/-/xml2js-0.4.23.tgz",
            "integrity": "sha512-ySPiMjM0+pLDftHgXY4By0uswI3SPKLDw/i3UXbnO8M/p28zqexCUoPmQFrYD+/1BzhGJSs2i1ERWKJAtiLrug==",
            "requires": {
                "sax": ">=0.6.0",
                "xmlbuilder": "~11.0.0"
            }
        },
        "xmlbuilder": {
            "version": "11.0.1",
            "resolved": "https://registry.npmjs.org/xmlbuilder/-/xmlbuilder-11.0.1.tgz",
            "integrity": "sha512-fDlsI/kFEx7gLvbecc0/ohLG50fugQp8ryHzMTuW9vSa1GJ0XYWKnhsUx7oie3G98+r56aTQIUB4kht42R3JvA=="
        },
        "xmldom": {
            "version": "0.5.0",
            "resolved": "https://registry.npmjs.org/xmldom/-/xmldom-0.5.0.tgz",
            "integrity": "sha512-Foaj5FXVzgn7xFzsKeNIde9g6aFBxTPi37iwsno8QvApmtg7KYrr+OPyRHcJF7dud2a5nGRBXK3n0dL62Gf7PA=="
        },
        "yallist": {
            "version": "2.1.2",
            "resolved": "https://registry.npmjs.org/yallist/-/yallist-2.1.2.tgz",
            "integrity": "sha1-HBH5IY8HYImkfdUS+TxmmaaoHVI="
        },
        "yamljs": {
            "version": "0.3.0",
            "resolved": "https://registry.npmjs.org/yamljs/-/yamljs-0.3.0.tgz",
            "integrity": "sha512-C/FsVVhht4iPQYXOInoxUM/1ELSf9EsgKH34FofQOp6hwCPrW4vG4w5++TED3xRUo8gD7l0P1J1dLlDYzODsTQ==",
            "requires": {
                "argparse": "^1.0.7",
                "glob": "^7.0.5"
            }
        }
    }
}
