{
    "name": "backend-js",
    "version": "0.9.9-49",
    "lockfileVersion": 1,
    "requires": true,
    "dependencies": {
        "@sentry-internal/tracing": {
            "version": "7.51.0",
            "resolved": "https://registry.npmjs.org/@sentry-internal/tracing/-/tracing-7.51.0.tgz",
            "integrity": "sha512-mhXl4B02OQq6/vevjX04OchmQbxPRaLci9vTTPcPcIz/n+wkum29ze35gHcJsPJUesScjd0m19Xou3C8fNnZRA==",
            "requires": {
                "@sentry/core": "7.51.0",
                "@sentry/types": "7.51.0",
                "@sentry/utils": "7.51.0",
                "tslib": "^1.9.3"
            }
        },
        "@sentry/core": {
            "version": "7.51.0",
            "resolved": "https://registry.npmjs.org/@sentry/core/-/core-7.51.0.tgz",
            "integrity": "sha512-GgYwlXU8Y1kDEHsJO1Bmr2CNan5BzoNRR0TDBmxRgI/DgTNNSYrXeFDELgPi9/p/0XENeuttzDZ3iYd1nF7meA==",
            "requires": {
                "@sentry/types": "7.51.0",
                "@sentry/utils": "7.51.0",
                "tslib": "^1.9.3"
            }
        },
        "@sentry/node": {
            "version": "7.51.0",
            "resolved": "https://registry.npmjs.org/@sentry/node/-/node-7.51.0.tgz",
            "integrity": "sha512-UHJ0yN3I8hSrythr3/KPewh+xLIdjF6AU+BW3bgsP0ZtztrftrQk9+XnWRIX0p6ZstzoP4F3arkJIXkWfOk5Pg==",
            "requires": {
                "@sentry-internal/tracing": "7.51.0",
                "@sentry/core": "7.51.0",
                "@sentry/types": "7.51.0",
                "@sentry/utils": "7.51.0",
                "cookie": "^0.4.1",
                "https-proxy-agent": "^5.0.0",
                "lru_map": "^0.3.3",
                "tslib": "^1.9.3"
            },
            "dependencies": {
                "cookie": {
                    "version": "0.4.2",
                    "resolved": "https://registry.npmjs.org/cookie/-/cookie-0.4.2.tgz",
                    "integrity": "sha512-aSWTXFzaKWkvHO1Ny/s+ePFpvKsPnjc551iI41v3ny/ow6tBG5Vd+FuqGNhh1LxOmVzOlGUriIlOaokOvhaStA=="
                }
            }
        },
        "@sentry/types": {
            "version": "7.51.0",
            "resolved": "https://registry.npmjs.org/@sentry/types/-/types-7.51.0.tgz",
            "integrity": "sha512-8REzzY0DslDryp6Yxj+tJ4NkXFHulLW9k8dgZV2Qo/0rBDMKir8g0IHYeN8ZBcnWrx2F+6rQb6uN6BjyLZY7Dg=="
        },
        "@sentry/utils": {
            "version": "7.51.0",
            "resolved": "https://registry.npmjs.org/@sentry/utils/-/utils-7.51.0.tgz",
            "integrity": "sha512-y5zq4IfZDCm6cg0EQJMghUM4YjZToFni7J5OKopLXKVtc9YtRtkYoFuFqEWm4HBuBwplreiS/KkDQgWn3FVn7A==",
            "requires": {
                "@sentry/types": "7.51.0",
                "tslib": "^1.9.3"
            }
        },
        "accepts": {
            "version": "1.3.4",
            "resolved": "https://registry.npmjs.org/accepts/-/accepts-1.3.4.tgz",
            "integrity": "sha1-hiRnWMfdbSGmR0/whKR0DsBesh8=",
            "requires": {
                "mime-types": "2.1.18",
                "negotiator": "0.6.1"
            }
        },
        "agent-base": {
            "version": "6.0.2",
            "resolved": "https://registry.npmjs.org/agent-base/-/agent-base-6.0.2.tgz",
            "integrity": "sha512-RZNwNclF7+MS/8bDg70amg32dyeZGZxiDuQmZxKLAlQjr3jGyLx+4Kkk58UO7D2QdgFIQCovuSuZESne6RG6XQ==",
            "requires": {
                "debug": "4"
            },
            "dependencies": {
                "debug": {
                    "version": "4.3.4",
                    "resolved": "https://registry.npmjs.org/debug/-/debug-4.3.4.tgz",
                    "integrity": "sha512-PRWFHuSU3eDtQJPvnNY7Jcket1j0t5OuOsFzPPzsekD52Zl8qUfFIPEiswXqIvHWGVHOgX+7G/vCNNhehwxfkQ==",
                    "requires": {
                        "ms": "2.1.2"
                    }
                },
                "ms": {
                    "version": "2.1.2",
                    "resolved": "https://registry.npmjs.org/ms/-/ms-2.1.2.tgz",
                    "integrity": "sha512-sGkPx+VjMtmA6MX27oA4FBFELFCZZ4S4XqeGOXCv68tT+jb3vk/RyaKWP0PTKyWtmLSM0b+adUTEvbs1PEaH2w=="
                }
            }
        },
        "argparse": {
            "version": "1.0.10",
            "resolved": "https://registry.npmjs.org/argparse/-/argparse-1.0.10.tgz",
            "integrity": "sha512-o5Roy6tNG4SL/FOkCAN6RzjiakZS25RLYFrcMttJqbdd8BWrnA+fGz57iN5Pb06pvBGvl5gQ0B48dJlslXvoTg==",
            "requires": {
                "sprintf-js": "1.0.3"
            }
        },
        "array-flatten": {
            "version": "1.1.1",
            "resolved": "https://registry.npmjs.org/array-flatten/-/array-flatten-1.1.1.tgz",
            "integrity": "sha1-ml9pkFGx5wczKPKgCJaLZOopVdI="
        },
        "balanced-match": {
            "version": "1.0.0",
            "resolved": "https://registry.npmjs.org/balanced-match/-/balanced-match-1.0.0.tgz",
            "integrity": "sha1-ibTRmasr7kneFk6gK4nORi1xt2c="
        },
        "basic-auth": {
            "version": "2.0.0",
            "resolved": "https://registry.npmjs.org/basic-auth/-/basic-auth-2.0.0.tgz",
            "integrity": "sha1-AV2z81PgLlY3d1X5YnQuiYHnu7o=",
            "requires": {
                "safe-buffer": "5.1.1"
            }
        },
        "body-parser": {
            "version": "1.18.2",
            "resolved": "https://registry.npmjs.org/body-parser/-/body-parser-1.18.2.tgz",
            "integrity": "sha1-h2eKGdhLR9hZuDGZvVm84iKxBFQ=",
            "requires": {
                "bytes": "3.0.0",
                "content-type": "1.0.4",
                "debug": "2.6.9",
                "depd": "1.1.2",
                "http-errors": "1.6.2",
                "iconv-lite": "0.4.19",
                "on-finished": "2.3.0",
                "qs": "6.5.1",
                "raw-body": "2.3.2",
                "type-is": "1.6.16"
            }
        },
        "boolean": {
            "version": "3.2.0",
            "resolved": "https://registry.npmjs.org/boolean/-/boolean-3.2.0.tgz",
            "integrity": "sha512-d0II/GO9uf9lfUHH2BQsjxzRJZBdsjgsBiW4BvhWk/3qoKwQFjIDVN19PfX8F2D/r9PCMTtLWjYVCFrpeYUzsw=="
        },
        "brace-expansion": {
            "version": "1.1.11",
            "resolved": "https://registry.npmjs.org/brace-expansion/-/brace-expansion-1.1.11.tgz",
            "integrity": "sha512-iCuPHDFgrHX7H2vEI/5xpz07zSHB00TpugqhmYtVmMO6518mCuRMoOYFldEBl0g187ufozdaHgWKcYFb61qGiA==",
            "requires": {
                "balanced-match": "1.0.0",
                "concat-map": "0.0.1"
            }
        },
        "bytes": {
            "version": "3.0.0",
            "resolved": "https://registry.npmjs.org/bytes/-/bytes-3.0.0.tgz",
            "integrity": "sha1-0ygVQE1olpn4Wk6k+odV3ROpYEg="
        },
        "concat-map": {
            "version": "0.0.1",
            "resolved": "https://registry.npmjs.org/concat-map/-/concat-map-0.0.1.tgz",
            "integrity": "sha1-2Klr13/Wjfd5OnMDajug1UBdR3s="
        },
        "content-disposition": {
            "version": "0.5.2",
            "resolved": "https://registry.npmjs.org/content-disposition/-/content-disposition-0.5.2.tgz",
            "integrity": "sha1-DPaLud318r55YcOoUXjLhdunjLQ="
        },
        "content-type": {
            "version": "1.0.4",
            "resolved": "https://registry.npmjs.org/content-type/-/content-type-1.0.4.tgz",
            "integrity": "sha512-hIP3EEPs8tB9AT1L+NUqtwOAps4mk2Zob89MWXMHjHWg9milF/j4osnnQLXBCBFBk/tvIG/tUc9mOUJiPBhPXA=="
        },
        "converter": {
            "version": "git+https://github.com/QuaNode/converter.git#bd43e746491f36739275b676cf326a16cdfb58f5",
            "from": "git+https://github.com/QuaNode/converter.git#bd43e746491f36739275b676cf326a16cdfb58f5",
            "requires": {
                "csv": "0.4.6",
                "lodash": "4.17.5",
                "plist": "0.4.3",
                "pretty-data": "0.40.0",
                "xml2js": "0.4.19",
                "yamljs": "0.3.0"
            }
        },
        "cookie": {
            "version": "0.3.1",
            "resolved": "https://registry.npmjs.org/cookie/-/cookie-0.3.1.tgz",
            "integrity": "sha1-5+Ch+e9DtMi6klxcWpboBtFoc7s="
        },
        "cookie-signature": {
            "version": "1.0.6",
            "resolved": "https://registry.npmjs.org/cookie-signature/-/cookie-signature-1.0.6.tgz",
            "integrity": "sha1-4wOogrNCzD7oylE6eZmXNNqzriw="
        },
        "csv": {
            "version": "0.4.6",
            "resolved": "https://registry.npmjs.org/csv/-/csv-0.4.6.tgz",
            "integrity": "sha1-jbrn3f26rmLB6ph8Pg+Kmsc3tz0=",
            "requires": {
                "csv-generate": "0.0.6",
                "csv-parse": "1.3.3",
                "csv-stringify": "0.0.8",
                "stream-transform": "0.1.2"
            }
        },
        "csv-generate": {
            "version": "0.0.6",
            "resolved": "https://registry.npmjs.org/csv-generate/-/csv-generate-0.0.6.tgz",
            "integrity": "sha1-l+TmOuRrIZEs2UdbwxRp0m9a3mY="
        },
        "csv-parse": {
            "version": "1.3.3",
            "resolved": "https://registry.npmjs.org/csv-parse/-/csv-parse-1.3.3.tgz",
            "integrity": "sha1-0c/YdDwvhJoKuy/VRNtWaV0ZpJA="
        },
        "csv-stringify": {
            "version": "0.0.8",
            "resolved": "https://registry.npmjs.org/csv-stringify/-/csv-stringify-0.0.8.tgz",
            "integrity": "sha1-Usw7PfwZd1jFWtMlqVvoUHH55Rs="
        },
        "debug": {
            "version": "2.6.9",
            "resolved": "https://registry.npmjs.org/debug/-/debug-2.6.9.tgz",
            "integrity": "sha512-bC7ElrdJaJnPbAP+1EotYvqZsb3ecl5wi6Bfi6BJTUcNowp6cvspg0jXznRTKDjm/E7AdgFBVeAPVMNcKGsHMA==",
            "requires": {
                "ms": "2.0.0"
            }
        },
        "define-js": {
            "version": "0.1.5",
            "resolved": "https://registry.npmjs.org/define-js/-/define-js-0.1.5.tgz",
            "integrity": "sha1-eetscESdug/E/yhtQKVf223/woE=",
            "requires": {
                "parseparams": "0.1.1"
            }
        },
        "define-properties": {
            "version": "1.2.0",
            "resolved": "https://registry.npmjs.org/define-properties/-/define-properties-1.2.0.tgz",
            "integrity": "sha512-xvqAVKGfT1+UAvPwKTVw/njhdQ8ZhXK4lI0bCIuCMrp2up9nPnaDftrLtmpTazqd1o+UY4zgzU+avtMbDP+ldA==",
            "requires": {
                "has-property-descriptors": "^1.0.0",
                "object-keys": "^1.1.1"
            }
        },
        "depd": {
            "version": "1.1.2",
            "resolved": "https://registry.npmjs.org/depd/-/depd-1.1.2.tgz",
            "integrity": "sha1-m81S4UwJd2PnSbJ0xDRu0uVgtak="
        },
        "destroy": {
            "version": "1.0.4",
            "resolved": "https://registry.npmjs.org/destroy/-/destroy-1.0.4.tgz",
            "integrity": "sha1-l4hXRCxEdJ5CBmE+N5RiBYJqvYA="
        },
        "detect-node": {
            "version": "2.1.0",
            "resolved": "https://registry.npmjs.org/detect-node/-/detect-node-2.1.0.tgz",
            "integrity": "sha512-T0NIuQpnTvFDATNuHN5roPwSBG83rFsuO+MXXH9/3N1eFbn4wcPjttvjMLEPWJ0RGUYgQE7cGgS3tNxbqCGM7g=="
        },
        "ee-first": {
            "version": "1.1.1",
            "resolved": "https://registry.npmjs.org/ee-first/-/ee-first-1.1.1.tgz",
            "integrity": "sha1-WQxhFWsK4vTwJVcyoViyZrxWsh0="
        },
        "encodeurl": {
            "version": "1.0.2",
            "resolved": "https://registry.npmjs.org/encodeurl/-/encodeurl-1.0.2.tgz",
            "integrity": "sha1-rT/0yG7C0CkyL1oCw6mmBslbP1k="
        },
        "es6-error": {
            "version": "4.1.1",
            "resolved": "https://registry.npmjs.org/es6-error/-/es6-error-4.1.1.tgz",
            "integrity": "sha512-Um/+FxMr9CISWh0bi5Zv0iOD+4cFh5qLeks1qhAopKVAJw3drgKbKySikp7wGhDL0HPeaja0P5ULZrxLkniUVg=="
        },
        "escape-html": {
            "version": "1.0.3",
            "resolved": "https://registry.npmjs.org/escape-html/-/escape-html-1.0.3.tgz",
            "integrity": "sha1-Aljq5NPQwJdN4cFpGI7wBR0dGYg="
        },
        "escape-string-regexp": {
            "version": "4.0.0",
            "resolved": "https://registry.npmjs.org/escape-string-regexp/-/escape-string-regexp-4.0.0.tgz",
            "integrity": "sha512-TtpcNJ3XAzx3Gq8sWRzJaVajRs0uVxA2YAkdb1jm2YkPz4G6egUFAyA3n5vtEIZefPk5Wa4UXbKuS5fKkJWdgA=="
        },
        "etag": {
            "version": "1.8.1",
            "resolved": "https://registry.npmjs.org/etag/-/etag-1.8.1.tgz",
            "integrity": "sha1-Qa4u62XvpiJorr/qg6x9eSmbCIc="
        },
        "express": {
            "version": "4.16.2",
            "resolved": "https://registry.npmjs.org/express/-/express-4.16.2.tgz",
            "integrity": "sha1-41xt/i1kt9ygpc1PIXgb4ymeB2w=",
            "requires": {
                "accepts": "1.3.4",
                "array-flatten": "1.1.1",
                "body-parser": "1.18.2",
                "content-disposition": "0.5.2",
                "content-type": "1.0.4",
                "cookie": "0.3.1",
                "cookie-signature": "1.0.6",
                "debug": "2.6.9",
                "depd": "1.1.2",
                "encodeurl": "1.0.2",
                "escape-html": "1.0.3",
                "etag": "1.8.1",
                "finalhandler": "1.1.0",
                "fresh": "0.5.2",
                "merge-descriptors": "1.0.1",
                "methods": "1.1.2",
                "on-finished": "2.3.0",
                "parseurl": "1.3.2",
                "path-to-regexp": "0.1.7",
                "proxy-addr": "2.0.2",
                "qs": "6.5.1",
                "range-parser": "1.2.0",
                "safe-buffer": "5.1.1",
                "send": "0.16.1",
                "serve-static": "1.13.1",
                "setprototypeof": "1.1.0",
                "statuses": "1.3.1",
                "type-is": "1.6.16",
                "utils-merge": "1.0.1",
                "vary": "1.1.2"
            },
            "dependencies": {
                "setprototypeof": {
                    "version": "1.1.0",
                    "resolved": "https://registry.npmjs.org/setprototypeof/-/setprototypeof-1.1.0.tgz",
                    "integrity": "sha512-BvE/TwpZX4FXExxOxZyRGQQv651MSwmWKZGqvmPcRIjDqWub67kTKuIMx43cZZrS/cBBzwBcNDWoFxt2XEFIpQ=="
                },
                "statuses": {
                    "version": "1.3.1",
                    "resolved": "https://registry.npmjs.org/statuses/-/statuses-1.3.1.tgz",
                    "integrity": "sha1-+vUbnrdKrvOzrPStX2Gr8ky3uT4="
                }
            }
        },
        "express-paginate": {
            "version": "0.3.0",
            "resolved": "https://registry.npmjs.org/express-paginate/-/express-paginate-0.3.0.tgz",
            "integrity": "sha512-2C3Oju11+0IX0kyRVgeyzE/nFGnp764BtY0VRkvdXGsrPaMfPWxui/lSHu/DOTQ1+C1MEFJK4eYj8/ExHB8Vjw==",
            "requires": {
                "lodash.assign": "4.2.0",
                "lodash.clone": "4.5.0",
                "lodash.isobject": "3.0.2",
                "querystring": "0.2.0"
            }
        },
        "express-unless": {
            "version": "0.5.0",
            "resolved": "https://registry.npmjs.org/express-unless/-/express-unless-0.5.0.tgz",
            "integrity": "sha1-wuzkd/QVUIkUPbuGnQfFfF62q5s="
        },
        "finalhandler": {
            "version": "1.1.0",
            "resolved": "https://registry.npmjs.org/finalhandler/-/finalhandler-1.1.0.tgz",
            "integrity": "sha1-zgtoVbRYU+eRsvzGgARtiCU91/U=",
            "requires": {
                "debug": "2.6.9",
                "encodeurl": "1.0.2",
                "escape-html": "1.0.3",
                "on-finished": "2.3.0",
                "parseurl": "1.3.2",
                "statuses": "1.3.1",
                "unpipe": "1.0.0"
            },
            "dependencies": {
                "statuses": {
                    "version": "1.3.1",
                    "resolved": "https://registry.npmjs.org/statuses/-/statuses-1.3.1.tgz",
                    "integrity": "sha1-+vUbnrdKrvOzrPStX2Gr8ky3uT4="
                }
            }
        },
        "forwarded": {
            "version": "0.1.2",
            "resolved": "https://registry.npmjs.org/forwarded/-/forwarded-0.1.2.tgz",
            "integrity": "sha1-mMI9qxF1ZXuMBXPozszZGw/xjIQ="
        },
        "fresh": {
            "version": "0.5.2",
            "resolved": "https://registry.npmjs.org/fresh/-/fresh-0.5.2.tgz",
            "integrity": "sha1-PYyt2Q2XZWn6g1qx+OSyOhBWBac="
        },
        "fs.realpath": {
            "version": "1.0.0",
            "resolved": "https://registry.npmjs.org/fs.realpath/-/fs.realpath-1.0.0.tgz",
            "integrity": "sha1-FQStJSMVjKpA20onh8sBQRmU6k8="
        },
        "function-bind": {
            "version": "1.1.1",
            "resolved": "https://registry.npmjs.org/function-bind/-/function-bind-1.1.1.tgz",
            "integrity": "sha512-yIovAzMX49sF8Yl58fSCWJ5svSLuaibPxXQJFLmBObTuCr0Mf1KiPopGM9NiFjiYBCbfaa2Fh6breQ6ANVTI0A=="
        },
        "get-intrinsic": {
            "version": "1.2.0",
            "resolved": "https://registry.npmjs.org/get-intrinsic/-/get-intrinsic-1.2.0.tgz",
            "integrity": "sha512-L049y6nFOuom5wGyRc3/gdTLO94dySVKRACj1RmJZBQXlbTMhtNIgkWkUHq+jYmZvKf14EW1EoJnnjbmoHij0Q==",
            "requires": {
                "function-bind": "^1.1.1",
                "has": "^1.0.3",
                "has-symbols": "^1.0.3"
            }
        },
        "glob": {
            "version": "7.1.2",
            "resolved": "https://registry.npmjs.org/glob/-/glob-7.1.2.tgz",
            "integrity": "sha512-MJTUg1kjuLeQCJ+ccE4Vpa6kKVXkPYJ2mOCQyUuKLcLQsdrMCpBPUi8qVE6+YuaJkozeA9NusTAw3hLr8Xe5EQ==",
            "requires": {
                "fs.realpath": "1.0.0",
                "inflight": "1.0.6",
                "inherits": "2.0.3",
                "minimatch": "3.0.4",
                "once": "1.4.0",
                "path-is-absolute": "1.0.1"
            }
        },
        "global-agent": {
            "version": "3.0.0",
            "resolved": "https://registry.npmjs.org/global-agent/-/global-agent-3.0.0.tgz",
            "integrity": "sha512-PT6XReJ+D07JvGoxQMkT6qji/jVNfX/h364XHZOWeRzy64sSFr+xJ5OX7LI3b4MPQzdL4H8Y8M0xzPpsVMwA8Q==",
            "requires": {
                "boolean": "^3.0.1",
                "es6-error": "^4.1.1",
                "matcher": "^3.0.0",
                "roarr": "^2.15.3",
                "semver": "^7.3.2",
                "serialize-error": "^7.0.1"
            }
        },
        "globalthis": {
            "version": "1.0.3",
            "resolved": "https://registry.npmjs.org/globalthis/-/globalthis-1.0.3.tgz",
            "integrity": "sha512-sFdI5LyBiNTHjRd7cGPWapiHWMOXKyuBNX/cWJ3NfzrZQVa8GI/8cofCl74AOVqq9W5kNmguTIzJ/1s2gyI9wA==",
            "requires": {
                "define-properties": "^1.1.3"
            }
        },
        "has": {
            "version": "1.0.3",
            "resolved": "https://registry.npmjs.org/has/-/has-1.0.3.tgz",
            "integrity": "sha512-f2dvO0VU6Oej7RkWJGrehjbzMAjFp5/VKPp5tTpWIV4JHHZK1/BxbFRtf/siA2SWTe09caDmVtYYzWEIbBS4zw==",
            "requires": {
                "function-bind": "^1.1.1"
            }
        },
        "has-property-descriptors": {
            "version": "1.0.0",
            "resolved": "https://registry.npmjs.org/has-property-descriptors/-/has-property-descriptors-1.0.0.tgz",
            "integrity": "sha512-62DVLZGoiEBDHQyqG4w9xCuZ7eJEwNmJRWw2VY84Oedb7WFcA27fiEVe8oUQx9hAUJ4ekurquucTGwsyO1XGdQ==",
            "requires": {
                "get-intrinsic": "^1.1.1"
            }
        },
        "has-symbols": {
            "version": "1.0.3",
            "resolved": "https://registry.npmjs.org/has-symbols/-/has-symbols-1.0.3.tgz",
            "integrity": "sha512-l3LCuF6MgDNwTDKkdYGEihYjt5pRPbEg46rtlmnSPlUbgmB8LOIrKJbYYFBSbnPaJexMKtiPO8hmeRjRz2Td+A=="
        },
        "http-errors": {
            "version": "1.6.2",
            "resolved": "https://registry.npmjs.org/http-errors/-/http-errors-1.6.2.tgz",
            "integrity": "sha1-CgAsyFcHGSp+eUbO7cERVfYOxzY=",
            "requires": {
                "depd": "1.1.1",
                "inherits": "2.0.3",
                "setprototypeof": "1.0.3",
                "statuses": "1.4.0"
            },
            "dependencies": {
                "depd": {
                    "version": "1.1.1",
                    "resolved": "https://registry.npmjs.org/depd/-/depd-1.1.1.tgz",
                    "integrity": "sha1-V4O04cRZ8G+lyif5kfPQbnoxA1k="
                }
            }
        },
        "https-proxy-agent": {
            "version": "5.0.1",
            "resolved": "https://registry.npmjs.org/https-proxy-agent/-/https-proxy-agent-5.0.1.tgz",
            "integrity": "sha512-dFcAjpTQFgoLMzC2VwU+C/CbS7uRL0lWmxDITmqm7C+7F0Odmj6s9l6alZc6AELXhrnggM2CeWSXHGOdX2YtwA==",
            "requires": {
                "agent-base": "6",
                "debug": "4"
            },
            "dependencies": {
                "debug": {
                    "version": "4.3.4",
                    "resolved": "https://registry.npmjs.org/debug/-/debug-4.3.4.tgz",
                    "integrity": "sha512-PRWFHuSU3eDtQJPvnNY7Jcket1j0t5OuOsFzPPzsekD52Zl8qUfFIPEiswXqIvHWGVHOgX+7G/vCNNhehwxfkQ==",
                    "requires": {
                        "ms": "2.1.2"
                    }
                },
                "ms": {
                    "version": "2.1.2",
                    "resolved": "https://registry.npmjs.org/ms/-/ms-2.1.2.tgz",
                    "integrity": "sha512-sGkPx+VjMtmA6MX27oA4FBFELFCZZ4S4XqeGOXCv68tT+jb3vk/RyaKWP0PTKyWtmLSM0b+adUTEvbs1PEaH2w=="
                }
            }
        },
        "iconv-lite": {
            "version": "0.4.19",
            "resolved": "https://registry.npmjs.org/iconv-lite/-/iconv-lite-0.4.19.tgz",
            "integrity": "sha512-oTZqweIP51xaGPI4uPa56/Pri/480R+mo7SeU+YETByQNhDG55ycFyNLIgta9vXhILrxXDmF7ZGhqZIcuN0gJQ=="
        },
        "inflight": {
            "version": "1.0.6",
            "resolved": "https://registry.npmjs.org/inflight/-/inflight-1.0.6.tgz",
            "integrity": "sha1-Sb1jMdfQLQwJvJEKEHW6gWW1bfk=",
            "requires": {
                "once": "1.4.0",
                "wrappy": "1.0.2"
            }
        },
        "inherits": {
            "version": "2.0.3",
            "resolved": "https://registry.npmjs.org/inherits/-/inherits-2.0.3.tgz",
            "integrity": "sha1-Yzwsg+PaQqUC9SRmAiSA9CCCYd4="
        },
        "ipaddr.js": {
            "version": "1.5.2",
            "resolved": "https://registry.npmjs.org/ipaddr.js/-/ipaddr.js-1.5.2.tgz",
            "integrity": "sha1-1LUFvemUaYfM8PxY2QEP+WB+P6A="
        },
        "json-stringify-safe": {
            "version": "5.0.1",
            "resolved": "https://registry.npmjs.org/json-stringify-safe/-/json-stringify-safe-5.0.1.tgz",
            "integrity": "sha512-ZClg6AaYvamvYEE82d3Iyd3vSSIjQ+odgjaTzRuO3s7toCdFKczob2i0zCh7JE8kWn17yvAWhUVxvqGwUalsRA=="
        },
        "lodash": {
            "version": "4.17.5",
            "resolved": "https://registry.npmjs.org/lodash/-/lodash-4.17.5.tgz",
            "integrity": "sha512-svL3uiZf1RwhH+cWrfZn3A4+U58wbP0tGVTLQPbjplZxZ8ROD9VLuNgsRniTlLe7OlSqR79RUehXgpBW/s0IQw=="
        },
        "lodash.assign": {
            "version": "4.2.0",
            "resolved": "https://registry.npmjs.org/lodash.assign/-/lodash.assign-4.2.0.tgz",
            "integrity": "sha1-DZnzzNem0mHRm9rrkkUAXShYCOc="
        },
        "lodash.clone": {
            "version": "4.5.0",
            "resolved": "https://registry.npmjs.org/lodash.clone/-/lodash.clone-4.5.0.tgz",
            "integrity": "sha1-GVhwRQ9aExkkeN9Lw9I9LeoZB7Y="
        },
        "lodash.isobject": {
            "version": "3.0.2",
            "resolved": "https://registry.npmjs.org/lodash.isobject/-/lodash.isobject-3.0.2.tgz",
            "integrity": "sha1-PI+41bW/S/kK4G4U8qUwpO2TXh0="
        },
        "lru-cache": {
            "version": "6.0.0",
            "resolved": "https://registry.npmjs.org/lru-cache/-/lru-cache-6.0.0.tgz",
            "integrity": "sha512-Jo6dJ04CmSjuznwJSS3pUeWmd/H0ffTlkXXgwZi+eq1UCmqQwCh+eLsYOYCwY991i2Fah4h1BEMCx4qThGbsiA==",
            "requires": {
                "yallist": "^4.0.0"
            }
        },
        "lru_map": {
            "version": "0.3.3",
            "resolved": "https://registry.npmjs.org/lru_map/-/lru_map-0.3.3.tgz",
            "integrity": "sha512-Pn9cox5CsMYngeDbmChANltQl+5pi6XmTrraMSzhPmMBbmgcxmqWry0U3PGapCU1yB4/LqCcom7qhHZiF/jGfQ=="
        },
        "matcher": {
            "version": "3.0.0",
            "resolved": "https://registry.npmjs.org/matcher/-/matcher-3.0.0.tgz",
            "integrity": "sha512-OkeDaAZ/bQCxeFAozM55PKcKU0yJMPGifLwV4Qgjitu+5MoAfSQN4lsLJeXZ1b8w0x+/Emda6MZgXS1jvsapng==",
            "requires": {
                "escape-string-regexp": "^4.0.0"
            }
        },
        "media-typer": {
            "version": "0.3.0",
            "resolved": "https://registry.npmjs.org/media-typer/-/media-typer-0.3.0.tgz",
            "integrity": "sha1-hxDXrwqmJvj/+hzgAWhUUmMlV0g="
        },
        "merge-descriptors": {
            "version": "1.0.1",
            "resolved": "https://registry.npmjs.org/merge-descriptors/-/merge-descriptors-1.0.1.tgz",
            "integrity": "sha1-sAqqVW3YtEVoFQ7J0blT8/kMu2E="
        },
        "methods": {
            "version": "1.1.2",
            "resolved": "https://registry.npmjs.org/methods/-/methods-1.1.2.tgz",
            "integrity": "sha1-VSmk1nZUE07cxSZmVoNbD4Ua/O4="
        },
        "mime": {
            "version": "1.4.1",
            "resolved": "https://registry.npmjs.org/mime/-/mime-1.4.1.tgz",
            "integrity": "sha512-KI1+qOZu5DcW6wayYHSzR/tXKCDC5Om4s1z2QJjDULzLcmf3DvzS7oluY4HCTrc+9FiKmWUgeNLg7W3uIQvxtQ=="
        },
        "mime-db": {
            "version": "1.33.0",
            "resolved": "https://registry.npmjs.org/mime-db/-/mime-db-1.33.0.tgz",
            "integrity": "sha512-BHJ/EKruNIqJf/QahvxwQZXKygOQ256myeN/Ew+THcAa5q+PjyTTMMeNQC4DZw5AwfvelsUrA6B67NKMqXDbzQ=="
        },
        "mime-types": {
            "version": "2.1.18",
            "resolved": "https://registry.npmjs.org/mime-types/-/mime-types-2.1.18.tgz",
            "integrity": "sha512-lc/aahn+t4/SWV/qcmumYjymLsWfN3ELhpmVuUFjgsORruuZPVSwAQryq+HHGvO/SI2KVX26bx+En+zhM8g8hQ==",
            "requires": {
                "mime-db": "1.33.0"
            }
        },
        "minimatch": {
            "version": "3.0.4",
            "resolved": "https://registry.npmjs.org/minimatch/-/minimatch-3.0.4.tgz",
            "integrity": "sha512-yJHVQEhyqPLUTgt9B83PXu6W3rx4MvvHvSUvToogpwoGDOUQ+yDrR0HRot+yOCdCO7u4hX3pWft6kWBBcqh0UA==",
            "requires": {
                "brace-expansion": "1.1.11"
            }
        },
        "morgan": {
            "version": "1.9.0",
            "resolved": "https://registry.npmjs.org/morgan/-/morgan-1.9.0.tgz",
            "integrity": "sha1-0B+mxlhZt2/PMbPLU6OCGjEdgFE=",
            "requires": {
                "basic-auth": "2.0.0",
                "debug": "2.6.9",
                "depd": "1.1.2",
                "on-finished": "2.3.0",
                "on-headers": "1.0.1"
            }
        },
        "ms": {
            "version": "2.0.0",
            "resolved": "https://registry.npmjs.org/ms/-/ms-2.0.0.tgz",
            "integrity": "sha1-VgiurfwAvmwpAd9fmGF4jeDVl8g="
        },
        "negotiator": {
            "version": "0.6.1",
            "resolved": "https://registry.npmjs.org/negotiator/-/negotiator-0.6.1.tgz",
            "integrity": "sha1-KzJxhOiZIQEXeyhWP7XnECrNDKk="
        },
        "object-keys": {
            "version": "1.1.1",
            "resolved": "https://registry.npmjs.org/object-keys/-/object-keys-1.1.1.tgz",
            "integrity": "sha512-NuAESUOUMrlIXOfHKzD6bpPu3tYt3xvjNdRIQ+FeT0lNb4K8WR70CaDxhuNguS2XG+GjkyMwOzsN5ZktImfhLA=="
        },
        "on-finished": {
            "version": "2.3.0",
            "resolved": "https://registry.npmjs.org/on-finished/-/on-finished-2.3.0.tgz",
            "integrity": "sha1-IPEzZIGwg811M3mSoWlxqi2QaUc=",
            "requires": {
                "ee-first": "1.1.1"
            }
        },
        "on-headers": {
            "version": "1.0.1",
            "resolved": "https://registry.npmjs.org/on-headers/-/on-headers-1.0.1.tgz",
            "integrity": "sha1-ko9dD0cNSTQmUepnlLCFfBAGk/c="
        },
        "once": {
            "version": "1.4.0",
            "resolved": "https://registry.npmjs.org/once/-/once-1.4.0.tgz",
            "integrity": "sha1-WDsap3WWHUsROsF9nFC6753Xa9E=",
            "requires": {
                "wrappy": "1.0.2"
            }
        },
        "parseparams": {
            "version": "0.1.1",
            "resolved": "https://registry.npmjs.org/parseparams/-/parseparams-0.1.1.tgz",
            "integrity": "sha1-wMR9ChloFpi9ECwKb8FXhwwoLE8="
        },
        "parseurl": {
            "version": "1.3.2",
            "resolved": "https://registry.npmjs.org/parseurl/-/parseurl-1.3.2.tgz",
            "integrity": "sha1-/CidTtiZMRlGDBViUyYs3I3mW/M="
        },
        "path-is-absolute": {
            "version": "1.0.1",
            "resolved": "https://registry.npmjs.org/path-is-absolute/-/path-is-absolute-1.0.1.tgz",
            "integrity": "sha1-F0uSaHNVNP+8es5r9TpanhtcX18="
        },
        "path-to-regexp": {
            "version": "0.1.7",
            "resolved": "https://registry.npmjs.org/path-to-regexp/-/path-to-regexp-0.1.7.tgz",
            "integrity": "sha1-32BBeABfUi8V60SQ5yR6G/qmf4w="
        },
        "plist": {
            "version": "0.4.3",
            "resolved": "https://registry.npmjs.org/plist/-/plist-0.4.3.tgz",
            "integrity": "sha1-gShCqHOqV/mNAFC+5qrzVJudV5g=",
            "requires": {
                "xmlbuilder": "0.4.3",
                "xmldom": "0.1.27"
            }
        },
        "pretty-data": {
            "version": "0.40.0",
            "resolved": "https://registry.npmjs.org/pretty-data/-/pretty-data-0.40.0.tgz",
            "integrity": "sha1-Vyqo6iNGdGerlLa1Jmpv2cj93XI="
        },
        "proxy-addr": {
            "version": "2.0.2",
            "resolved": "https://registry.npmjs.org/proxy-addr/-/proxy-addr-2.0.2.tgz",
            "integrity": "sha1-ZXFQT0e7mI7IGAJT+F3X4UlSvew=",
            "requires": {
                "forwarded": "0.1.2",
                "ipaddr.js": "1.5.2"
            }
        },
        "qs": {
            "version": "6.5.1",
            "resolved": "https://registry.npmjs.org/qs/-/qs-6.5.1.tgz",
            "integrity": "sha512-eRzhrN1WSINYCDCbrz796z37LOe3m5tmW7RQf6oBntukAG1nmovJvhnwHHRMAfeoItc1m2Hk02WER2aQ/iqs+A=="
        },
        "querystring": {
            "version": "0.2.0",
            "resolved": "https://registry.npmjs.org/querystring/-/querystring-0.2.0.tgz",
            "integrity": "sha1-sgmEkgO7Jd+CDadW50cAWHhSFiA="
        },
        "range-parser": {
            "version": "1.2.0",
            "resolved": "https://registry.npmjs.org/range-parser/-/range-parser-1.2.0.tgz",
            "integrity": "sha1-9JvmtIeJTdxA3MlKMi9hEJLgDV4="
        },
        "raw-body": {
            "version": "2.3.2",
            "resolved": "https://registry.npmjs.org/raw-body/-/raw-body-2.3.2.tgz",
            "integrity": "sha1-vNYMd9Prk83gBQKVw/N5OJvIj4k=",
            "requires": {
                "bytes": "3.0.0",
                "http-errors": "1.6.2",
                "iconv-lite": "0.4.19",
                "unpipe": "1.0.0"
            }
        },
        "roarr": {
            "version": "2.15.4",
            "resolved": "https://registry.npmjs.org/roarr/-/roarr-2.15.4.tgz",
            "integrity": "sha512-CHhPh+UNHD2GTXNYhPWLnU8ONHdI+5DI+4EYIAOaiD63rHeYlZvyh8P+in5999TTSFgUYuKUAjzRI4mdh/p+2A==",
            "requires": {
                "boolean": "^3.0.1",
                "detect-node": "^2.0.4",
                "globalthis": "^1.0.1",
                "json-stringify-safe": "^5.0.1",
                "semver-compare": "^1.0.0",
                "sprintf-js": "^1.1.2"
            },
            "dependencies": {
                "sprintf-js": {
                    "version": "1.1.2",
                    "resolved": "https://registry.npmjs.org/sprintf-js/-/sprintf-js-1.1.2.tgz",
                    "integrity": "sha512-VE0SOVEHCk7Qc8ulkWw3ntAzXuqf7S2lvwQaDLRnUeIEaKNQJzV6BwmLKhOqT61aGhfUMrXeaBk+oDGCzvhcug=="
                }
            }
        },
        "route-parser": {
            "version": "0.0.5",
            "resolved": "https://registry.npmjs.org/route-parser/-/route-parser-0.0.5.tgz",
            "integrity": "sha1-fR0J0zXkkJQDHqFpkaSnmwG74fQ="
        },
        "safe-buffer": {
            "version": "5.1.1",
            "resolved": "https://registry.npmjs.org/safe-buffer/-/safe-buffer-5.1.1.tgz",
            "integrity": "sha512-kKvNJn6Mm93gAczWVJg7wH+wGYWNrDHdWvpUmHyEsgCtIwwo3bqPtV4tR5tuPaUhTOo/kvhVwd8XwwOllGYkbg=="
        },
        "sax": {
            "version": "1.2.4",
            "resolved": "https://registry.npmjs.org/sax/-/sax-1.2.4.tgz",
            "integrity": "sha512-NqVDv9TpANUjFm0N8uM5GxL36UgKi9/atZw+x7YFnQ8ckwFGKrl4xX4yWtrey3UJm5nP1kUbnYgLopqWNSRhWw=="
        },
        "semver": {
            "version": "7.5.0",
            "resolved": "https://registry.npmjs.org/semver/-/semver-7.5.0.tgz",
            "integrity": "sha512-+XC0AD/R7Q2mPSRuy2Id0+CGTZ98+8f+KvwirxOKIEyid+XSx6HbC63p+O4IndTHuX5Z+JxQ0TghCkO5Cg/2HA==",
            "requires": {
                "lru-cache": "^6.0.0"
            }
        },
        "semver-compare": {
            "version": "1.0.0",
            "resolved": "https://registry.npmjs.org/semver-compare/-/semver-compare-1.0.0.tgz",
            "integrity": "sha512-YM3/ITh2MJ5MtzaM429anh+x2jiLVjqILF4m4oyQB18W7Ggea7BfqdH/wGMK7dDiMghv/6WG7znWMwUDzJiXow=="
        },
        "send": {
            "version": "0.16.1",
            "resolved": "https://registry.npmjs.org/send/-/send-0.16.1.tgz",
            "integrity": "sha512-ElCLJdJIKPk6ux/Hocwhk7NFHpI3pVm/IZOYWqUmoxcgeyM+MpxHHKhb8QmlJDX1pU6WrgaHBkVNm73Sv7uc2A==",
            "requires": {
                "debug": "2.6.9",
                "depd": "1.1.2",
                "destroy": "1.0.4",
                "encodeurl": "1.0.2",
                "escape-html": "1.0.3",
                "etag": "1.8.1",
                "fresh": "0.5.2",
                "http-errors": "1.6.2",
                "mime": "1.4.1",
                "ms": "2.0.0",
                "on-finished": "2.3.0",
                "range-parser": "1.2.0",
                "statuses": "1.3.1"
            },
            "dependencies": {
                "statuses": {
                    "version": "1.3.1",
                    "resolved": "https://registry.npmjs.org/statuses/-/statuses-1.3.1.tgz",
                    "integrity": "sha1-+vUbnrdKrvOzrPStX2Gr8ky3uT4="
                }
            }
        },
        "serialize-error": {
            "version": "7.0.1",
            "resolved": "https://registry.npmjs.org/serialize-error/-/serialize-error-7.0.1.tgz",
            "integrity": "sha512-8I8TjW5KMOKsZQTvoxjuSIa7foAwPWGOts+6o7sgjz41/qMD9VQHEDxi6PBvK2l0MXUmqZyNpUK+T2tQaaElvw==",
            "requires": {
                "type-fest": "^0.13.1"
            }
        },
        "serve-static": {
            "version": "1.13.1",
            "resolved": "https://registry.npmjs.org/serve-static/-/serve-static-1.13.1.tgz",
            "integrity": "sha512-hSMUZrsPa/I09VYFJwa627JJkNs0NrfL1Uzuup+GqHfToR2KcsXFymXSV90hoyw3M+msjFuQly+YzIH/q0MGlQ==",
            "requires": {
                "encodeurl": "1.0.2",
                "escape-html": "1.0.3",
                "parseurl": "1.3.2",
                "send": "0.16.1"
            }
        },
        "setprototypeof": {
            "version": "1.0.3",
            "resolved": "https://registry.npmjs.org/setprototypeof/-/setprototypeof-1.0.3.tgz",
            "integrity": "sha1-ZlZ+NwQ+608E2RvWWMDL77VbjgQ="
        },
        "shallow-copy": {
            "version": "0.0.1",
            "resolved": "https://registry.npmjs.org/shallow-copy/-/shallow-copy-0.0.1.tgz",
            "integrity": "sha1-QV9CcC1z2BAzApLMXuhurhoRoXA="
        },
        "snyk": {
            "version": "1.1152.0",
            "resolved": "https://registry.npmjs.org/snyk/-/snyk-1.1152.0.tgz",
            "integrity": "sha512-4FNlDaBgoNSNX5N4+FpqnQrtgLxM+M91tbN5jgYWKPkAJLipAbuG/KhHIVdzCND4dEVf8vrfU1oL7XaVf6tVdQ==",
            "requires": {
                "@sentry/node": "^7.36.0",
                "global-agent": "^3.0.0"
            }
        },
        "sprintf-js": {
            "version": "1.0.3",
            "resolved": "https://registry.npmjs.org/sprintf-js/-/sprintf-js-1.0.3.tgz",
            "integrity": "sha1-BOaSb2YolTVPPdAVIDYzuFcpfiw="
        },
        "statuses": {
            "version": "1.4.0",
            "resolved": "https://registry.npmjs.org/statuses/-/statuses-1.4.0.tgz",
            "integrity": "sha512-zhSCtt8v2NDrRlPQpCNtw/heZLtfUDqxBM1udqikb/Hbk52LK4nQSwr10u77iopCW5LsyHpuXS0GnEc48mLeew=="
        },
        "stream-transform": {
            "version": "0.1.2",
            "resolved": "https://registry.npmjs.org/stream-transform/-/stream-transform-0.1.2.tgz",
            "integrity": "sha1-fY5rTgOsR4F3j4x5UXUBv7B2Kp8="
        },
        "tslib": {
            "version": "1.14.1",
            "resolved": "https://registry.npmjs.org/tslib/-/tslib-1.14.1.tgz",
            "integrity": "sha512-Xni35NKzjgMrwevysHTCArtLDpPvye8zV/0E4EyYn43P7/7qvQwPh9BGkHewbMulVntbigmcT7rdX3BNo9wRJg=="
        },
        "type-fest": {
            "version": "0.13.1",
            "resolved": "https://registry.npmjs.org/type-fest/-/type-fest-0.13.1.tgz",
            "integrity": "sha512-34R7HTnG0XIJcBSn5XhDd7nNFPRcXYRZrBB2O2jdKqYODldSzBAqzsWoZYYvduky73toYS/ESqxPvkDf/F0XMg=="
        },
        "type-is": {
            "version": "1.6.16",
            "resolved": "https://registry.npmjs.org/type-is/-/type-is-1.6.16.tgz",
            "integrity": "sha512-HRkVv/5qY2G6I8iab9cI7v1bOIdhm94dVjQCPFElW9W+3GeDOSHmy2EBYe4VTApuzolPcmgFTN3ftVJRKR2J9Q==",
            "requires": {
                "media-typer": "0.3.0",
                "mime-types": "2.1.18"
            }
        },
        "unpipe": {
            "version": "1.0.0",
            "resolved": "https://registry.npmjs.org/unpipe/-/unpipe-1.0.0.tgz",
            "integrity": "sha1-sr9O6FFKrmFltIF4KdIbLvSZBOw="
        },
        "utils-merge": {
            "version": "1.0.1",
            "resolved": "https://registry.npmjs.org/utils-merge/-/utils-merge-1.0.1.tgz",
            "integrity": "sha1-n5VxD1CiZ5R7LMwSR0HBAoQn5xM="
        },
        "vary": {
            "version": "1.1.2",
            "resolved": "https://registry.npmjs.org/vary/-/vary-1.1.2.tgz",
            "integrity": "sha1-IpnwLG3tMNSllhsLn3RSShj2NPw="
        },
        "wrappy": {
            "version": "1.0.2",
            "resolved": "https://registry.npmjs.org/wrappy/-/wrappy-1.0.2.tgz",
            "integrity": "sha1-tSQ9jz7BqjXxNkYFvA0QNuMKtp8="
        },
        "xml2js": {
            "version": "0.4.19",
            "resolved": "https://registry.npmjs.org/xml2js/-/xml2js-0.4.19.tgz",
            "integrity": "sha512-esZnJZJOiJR9wWKMyuvSE1y6Dq5LCuJanqhxslH2bxM6duahNZ+HMpCLhBQGZkbX6xRf8x1Y2eJlgt2q3qo49Q==",
            "requires": {
                "sax": "1.2.4",
                "xmlbuilder": "9.0.7"
            },
            "dependencies": {
                "xmlbuilder": {
                    "version": "9.0.7",
                    "resolved": "https://registry.npmjs.org/xmlbuilder/-/xmlbuilder-9.0.7.tgz",
                    "integrity": "sha1-Ey7mPS7FVlxVfiD0wi35rKaGsQ0="
                }
            }
        },
        "xmlbuilder": {
            "version": "0.4.3",
            "resolved": "https://registry.npmjs.org/xmlbuilder/-/xmlbuilder-0.4.3.tgz",
            "integrity": "sha1-xGFLp04K0ZbmCcknLNnh3bKKilg="
        },
        "xmldom": {
            "version": "0.1.27",
            "resolved": "https://registry.npmjs.org/xmldom/-/xmldom-0.1.27.tgz",
            "integrity": "sha1-1QH5ezvbQDr4757MIFcxh6rawOk="
        },
        "yallist": {
            "version": "4.0.0",
            "resolved": "https://registry.npmjs.org/yallist/-/yallist-4.0.0.tgz",
            "integrity": "sha512-3wdGidZyq5PB084XLES5TpOSRA3wjXAlIWMhum2kRcv/41Sn2emQ0dycQW4uZXLejwKvg6EsvbdlVL+FYEct7A=="
        },
        "yamljs": {
            "version": "0.3.0",
            "resolved": "https://registry.npmjs.org/yamljs/-/yamljs-0.3.0.tgz",
            "integrity": "sha512-C/FsVVhht4iPQYXOInoxUM/1ELSf9EsgKH34FofQOp6hwCPrW4vG4w5++TED3xRUo8gD7l0P1J1dLlDYzODsTQ==",
            "requires": {
                "argparse": "1.0.10",
                "glob": "7.1.2"
            }
        }
    }
}
